PODS:
  - Anna (0.3.1):
    - Anna/core (= 0.3.1)
    - Anna/corejs (= 0.3.1)
  - Anna/core (0.3.1)
  - Anna/corejs (0.3.1)

DEPENDENCIES:
  - Anna (from `.`)

EXTERNAL SOURCES:
  Anna:
    :path: "."

SPEC CHECKSUMS:
  Anna: 4ebfd59afd57fc4dfebe2a78fb5dc085e0d41e44

PODFILE CHECKSUM: 988fd5ff366501fd00b7b158a52ac80e5b376d06

COCOAPODS: 1.5.3
