PODS:
  - Anna (0.3.0):
    - Anna/core (= 0.3.0)
    - Anna/corejs (= 0.3.0)
  - Anna/core (0.3.0)
  - Anna/corejs (0.3.0)

DEPENDENCIES:
  - Anna (from `../..`)

EXTERNAL SOURCES:
  Anna:
    :path: "../.."

SPEC CHECKSUMS:
  Anna: b776ad7a0d2b0d56f734e19ca8ff1f3ffae905ac

PODFILE CHECKSUM: 2e657c5acb5f77c1232297ea24c4e869d38052bf

COCOAPODS: 1.5.0
