// !$*UTF8*$!
{
	archiveVersion = 1;
	classes = {
	};
	objectVersion = 50;
	objects = {

/* Begin PBXBuildFile section */
		BEF6DB0720DFC91A0039D141 /* AppDelegate.swift in Sources */ = {isa = PBXBuildFile; fileRef = BEF6DB0620DFC91A0039D141 /* AppDelegate.swift */; };
		BEF6DB0920DFC91A0039D141 /* MasterViewController.swift in Sources */ = {isa = PBXBuildFile; fileRef = BEF6DB0820DFC91A0039D141 /* MasterViewController.swift */; };
		BEF6DB0E20DFC91A0039D141 /* Main.storyboard in Resources */ = {isa = PBXBuildFile; fileRef = BEF6DB0C20DFC91A0039D141 /* Main.storyboard */; };
		BEF6DB1020DFC91B0039D141 /* Assets.xcassets in Resources */ = {isa = PBXBuildFile; fileRef = BEF6DB0F20DFC91B0039D141 /* Assets.xcassets */; };
		BEF6DB1320DFC91B0039D141 /* LaunchScreen.storyboard in Resources */ = {isa = PBXBuildFile; fileRef = BEF6DB1120DFC91B0039D141 /* LaunchScreen.storyboard */; };
		BEF6DB4220DFC9CC0039D141 /* DetailViewController.m in Sources */ = {isa = PBXBuildFile; fileRef = BEF6DB4120DFC9CC0039D141 /* DetailViewController.m */; };
/* End PBXBuildFile section */

/* Begin PBXFileReference section */
		BEF6DB0320DFC91A0039D141 /* Easy.app */ = {isa = PBXFileReference; explicitFileType = wrapper.application; includeInIndex = 0; path = Easy.app; sourceTree = BUILT_PRODUCTS_DIR; };
		BEF6DB0620DFC91A0039D141 /* AppDelegate.swift */ = {isa = PBXFileReference; lastKnownFileType = sourcecode.swift; path = AppDelegate.swift; sourceTree = "<group>"; };
		BEF6DB0820DFC91A0039D141 /* MasterViewController.swift */ = {isa = PBXFileReference; lastKnownFileType = sourcecode.swift; path = MasterViewController.swift; sourceTree = "<group>"; };
		BEF6DB0D20DFC91A0039D141 /* Base */ = {isa = PBXFileReference; lastKnownFileType = file.storyboard; name = Base; path = Base.lproj/Main.storyboard; sourceTree = "<group>"; };
		BEF6DB0F20DFC91B0039D141 /* Assets.xcassets */ = {isa = PBXFileReference; lastKnownFileType = folder.assetcatalog; path = Assets.xcassets; sourceTree = "<group>"; };
		BEF6DB1220DFC91B0039D141 /* Base */ = {isa = PBXFileReference; lastKnownFileType = file.storyboard; name = Base; path = Base.lproj/LaunchScreen.storyboard; sourceTree = "<group>"; };
		BEF6DB1420DFC91B0039D141 /* Info.plist */ = {isa = PBXFileReference; lastKnownFileType = text.plist.xml; path = Info.plist; sourceTree = "<group>"; };
		BEF6DB3F20DFC9CB0039D141 /* Easy-Bridging-Header.h */ = {isa = PBXFileReference; lastKnownFileType = sourcecode.c.h; path = "Easy-Bridging-Header.h"; sourceTree = "<group>"; };
		BEF6DB4020DFC9CC0039D141 /* DetailViewController.h */ = {isa = PBXFileReference; fileEncoding = 4; lastKnownFileType = sourcecode.c.h; path = DetailViewController.h; sourceTree = "<group>"; };
		BEF6DB4120DFC9CC0039D141 /* DetailViewController.m */ = {isa = PBXFileReference; fileEncoding = 4; lastKnownFileType = sourcecode.c.objc; path = DetailViewController.m; sourceTree = "<group>"; };
/* End PBXFileReference section */

/* Begin PBXFrameworksBuildPhase section */
		BEF6DB0020DFC91A0039D141 /* Frameworks */ = {
			isa = PBXFrameworksBuildPhase;
			buildActionMask = 2147483647;
			files = (
			);
			runOnlyForDeploymentPostprocessing = 0;
		};
/* End PBXFrameworksBuildPhase section */

/* Begin PBXGroup section */
		BEF6DAFA20DFC91A0039D141 = {
			isa = PBXGroup;
			children = (
				BEF6DB0520DFC91A0039D141 /* Easy */,
				BEF6DB0420DFC91A0039D141 /* Products */,
			);
			sourceTree = "<group>";
		};
		BEF6DB0420DFC91A0039D141 /* Products */ = {
			isa = PBXGroup;
			children = (
				BEF6DB0320DFC91A0039D141 /* Easy.app */,
			);
			name = Products;
			sourceTree = "<group>";
		};
		BEF6DB0520DFC91A0039D141 /* Easy */ = {
			isa = PBXGroup;
			children = (
				BEF6DB0620DFC91A0039D141 /* AppDelegate.swift */,
				BEF6DB0820DFC91A0039D141 /* MasterViewController.swift */,
				BEF6DB4020DFC9CC0039D141 /* DetailViewController.h */,
				BEF6DB4120DFC9CC0039D141 /* DetailViewController.m */,
				BEF6DB0C20DFC91A0039D141 /* Main.storyboard */,
				BEF6DB0F20DFC91B0039D141 /* Assets.xcassets */,
				BEF6DB1120DFC91B0039D141 /* LaunchScreen.storyboard */,
				BEF6DB1420DFC91B0039D141 /* Info.plist */,
				BEF6DB3F20DFC9CB0039D141 /* Easy-Bridging-Header.h */,
			);
			path = Easy;
			sourceTree = "<group>";
		};
/* End PBXGroup section */

/* Begin PBXNativeTarget section */
		BEF6DB0220DFC91A0039D141 /* Easy */ = {
			isa = PBXNativeTarget;
			buildConfigurationList = BEF6DB1720DFC91B0039D141 /* Build configuration list for PBXNativeTarget "Easy" */;
			buildPhases = (
				BEF6DAFF20DFC91A0039D141 /* Sources */,
				BEF6DB0020DFC91A0039D141 /* Frameworks */,
				BEF6DB0120DFC91A0039D141 /* Resources */,
			);
			buildRules = (
			);
			dependencies = (
			);
			name = Easy;
			productName = Easy;
			productReference = BEF6DB0320DFC91A0039D141 /* Easy.app */;
			productType = "com.apple.product-type.application";
		};
/* End PBXNativeTarget section */

/* Begin PBXProject section */
		BEF6DAFB20DFC91A0039D141 /* Project object */ = {
			isa = PBXProject;
			attributes = {
				LastSwiftUpdateCheck = 0940;
				LastUpgradeCheck = 0940;
				ORGANIZATIONNAME = coppercash;
				TargetAttributes = {
					BEF6DB0220DFC91A0039D141 = {
						CreatedOnToolsVersion = 9.4;
						LastSwiftMigration = 0940;
					};
				};
			};
			buildConfigurationList = BEF6DAFE20DFC91A0039D141 /* Build configuration list for PBXProject "Easy" */;
			compatibilityVersion = "Xcode 9.3";
			developmentRegion = en;
			hasScannedForEncodings = 0;
			knownRegions = (
				en,
				Base,
			);
			mainGroup = BEF6DAFA20DFC91A0039D141;
			productRefGroup = BEF6DB0420DFC91A0039D141 /* Products */;
			projectDirPath = "";
			projectRoot = "";
			targets = (
				BEF6DB0220DFC91A0039D141 /* Easy */,
			);
		};
/* End PBXProject section */

/* Begin PBXResourcesBuildPhase section */
		BEF6DB0120DFC91A0039D141 /* Resources */ = {
			isa = PBXResourcesBuildPhase;
			buildActionMask = 2147483647;
			files = (
				BEF6DB1320DFC91B0039D141 /* LaunchScreen.storyboard in Resources */,
				BEF6DB1020DFC91B0039D141 /* Assets.xcassets in Resources */,
				BEF6DB0E20DFC91A0039D141 /* Main.storyboard in Resources */,
			);
			runOnlyForDeploymentPostprocessing = 0;
		};
/* End PBXResourcesBuildPhase section */

/* Begin PBXSourcesBuildPhase section */
		BEF6DAFF20DFC91A0039D141 /* Sources */ = {
			isa = PBXSourcesBuildPhase;
			buildActionMask = 2147483647;
			files = (
				BEF6DB0920DFC91A0039D141 /* MasterViewController.swift in Sources */,
				BEF6DB0720DFC91A0039D141 /* AppDelegate.swift in Sources */,
				BEF6DB4220DFC9CC0039D141 /* DetailViewController.m in Sources */,
			);
			runOnlyForDeploymentPostprocessing = 0;
		};
/* End PBXSourcesBuildPhase section */

/* Begin PBXVariantGroup section */
		BEF6DB0C20DFC91A0039D141 /* Main.storyboard */ = {
			isa = PBXVariantGroup;
			children = (
				BEF6DB0D20DFC91A0039D141 /* Base */,
			);
			name = Main.storyboard;
			sourceTree = "<group>";
		};
		BEF6DB1120DFC91B0039D141 /* LaunchScreen.storyboard */ = {
			isa = PBXVariantGroup;
			children = (
				BEF6DB1220DFC91B0039D141 /* Base */,
			);
			name = LaunchScreen.storyboard;
			sourceTree = "<group>";
		};
/* End PBXVariantGroup section */

/* Begin XCBuildConfiguration section */
		BEF6DB1520DFC91B0039D141 /* Debug */ = {
			isa = XCBuildConfiguration;
			buildSettings = {
				ALWAYS_SEARCH_USER_PATHS = NO;
				CLANG_ANALYZER_NONNULL = YES;
				CLANG_ANALYZER_NUMBER_OBJECT_CONVERSION = YES_AGGRESSIVE;
				CLANG_CXX_LANGUAGE_STANDARD = "gnu++14";
				CLANG_CXX_LIBRARY = "libc++";
				CLANG_ENABLE_MODULES = YES;
				CLANG_ENABLE_OBJC_ARC = YES;
				CLANG_ENABLE_OBJC_WEAK = YES;
				CLANG_WARN_BLOCK_CAPTURE_AUTORELEASING = YES;
				CLANG_WARN_BOOL_CONVERSION = YES;
				CLANG_WARN_COMMA = YES;
				CLANG_WARN_CONSTANT_CONVERSION = YES;
				CLANG_WARN_DEPRECATED_OBJC_IMPLEMENTATIONS = YES;
				CLANG_WARN_DIRECT_OBJC_ISA_USAGE = YES_ERROR;
				CLANG_WARN_DOCUMENTATION_COMMENTS = YES;
				CLANG_WARN_EMPTY_BODY = YES;
				CLANG_WARN_ENUM_CONVERSION = YES;
				CLANG_WARN_INFINITE_RECURSION = YES;
				CLANG_WARN_INT_CONVERSION = YES;
				CLANG_WARN_NON_LITERAL_NULL_CONVERSION = YES;
				CLANG_WARN_OBJC_IMPLICIT_RETAIN_SELF = YES;
				CLANG_WARN_OBJC_LITERAL_CONVERSION = YES;
				CLANG_WARN_OBJC_ROOT_CLASS = YES_ERROR;
				CLANG_WARN_RANGE_LOOP_ANALYSIS = YES;
				CLANG_WARN_STRICT_PROTOTYPES = YES;
				CLANG_WARN_SUSPICIOUS_MOVE = YES;
				CLANG_WARN_UNGUARDED_AVAILABILITY = YES_AGGRESSIVE;
				CLANG_WARN_UNREACHABLE_CODE = YES;
				CLANG_WARN__DUPLICATE_METHOD_MATCH = YES;
				CODE_SIGN_IDENTITY = "iPhone Developer";
				COPY_PHASE_STRIP = NO;
				DEBUG_INFORMATION_FORMAT = dwarf;
				ENABLE_STRICT_OBJC_MSGSEND = YES;
				ENABLE_TESTABILITY = YES;
				GCC_C_LANGUAGE_STANDARD = gnu11;
				GCC_DYNAMIC_NO_PIC = NO;
				GCC_NO_COMMON_BLOCKS = YES;
				GCC_OPTIMIZATION_LEVEL = 0;
				GCC_PREPROCESSOR_DEFINITIONS = (
					"DEBUG=1",
					"$(inherited)",
				);
				GCC_WARN_64_TO_32_BIT_CONVERSION = YES;
				GCC_WARN_ABOUT_RETURN_TYPE = YES_ERROR;
				GCC_WARN_UNDECLARED_SELECTOR = YES;
				GCC_WARN_UNINITIALIZED_AUTOS = YES_AGGRESSIVE;
				GCC_WARN_UNUSED_FUNCTION = YES;
				GCC_WARN_UNUSED_VARIABLE = YES;
				IPHONEOS_DEPLOYMENT_TARGET = 11.4;
				MTL_ENABLE_DEBUG_INFO = YES;
				ONLY_ACTIVE_ARCH = YES;
				SDKROOT = iphoneos;
				SWIFT_ACTIVE_COMPILATION_CONDITIONS = DEBUG;
				SWIFT_OPTIMIZATION_LEVEL = "-Onone";
			};
			name = Debug;
		};
		BEF6DB1620DFC91B0039D141 /* Release */ = {
			isa = XCBuildConfiguration;
			buildSettings = {
				ALWAYS_SEARCH_USER_PATHS = NO;
				CLANG_ANALYZER_NONNULL = YES;
				CLANG_ANALYZER_NUMBER_OBJECT_CONVERSION = YES_AGGRESSIVE;
				CLANG_CXX_LANGUAGE_STANDARD = "gnu++14";
				CLANG_CXX_LIBRARY = "libc++";
				CLANG_ENABLE_MODULES = YES;
				CLANG_ENABLE_OBJC_ARC = YES;
				CLANG_ENABLE_OBJC_WEAK = YES;
				CLANG_WARN_BLOCK_CAPTURE_AUTORELEASING = YES;
				CLANG_WARN_BOOL_CONVERSION = YES;
				CLANG_WARN_COMMA = YES;
				CLANG_WARN_CONSTANT_CONVERSION = YES;
				CLANG_WARN_DEPRECATED_OBJC_IMPLEMENTATIONS = YES;
				CLANG_WARN_DIRECT_OBJC_ISA_USAGE = YES_ERROR;
				CLANG_WARN_DOCUMENTATION_COMMENTS = YES;
				CLANG_WARN_EMPTY_BODY = YES;
				CLANG_WARN_ENUM_CONVERSION = YES;
				CLANG_WARN_INFINITE_RECURSION = YES;
				CLANG_WARN_INT_CONVERSION = YES;
				CLANG_WARN_NON_LITERAL_NULL_CONVERSION = YES;
				CLANG_WARN_OBJC_IMPLICIT_RETAIN_SELF = YES;
				CLANG_WARN_OBJC_LITERAL_CONVERSION = YES;
				CLANG_WARN_OBJC_ROOT_CLASS = YES_ERROR;
				CLANG_WARN_RANGE_LOOP_ANALYSIS = YES;
				CLANG_WARN_STRICT_PROTOTYPES = YES;
				CLANG_WARN_SUSPICIOUS_MOVE = YES;
				CLANG_WARN_UNGUARDED_AVAILABILITY = YES_AGGRESSIVE;
				CLANG_WARN_UNREACHABLE_CODE = YES;
				CLANG_WARN__DUPLICATE_METHOD_MATCH = YES;
				CODE_SIGN_IDENTITY = "iPhone Developer";
				COPY_PHASE_STRIP = NO;
				DEBUG_INFORMATION_FORMAT = "dwarf-with-dsym";
				ENABLE_NS_ASSERTIONS = NO;
				ENABLE_STRICT_OBJC_MSGSEND = YES;
				GCC_C_LANGUAGE_STANDARD = gnu11;
				GCC_NO_COMMON_BLOCKS = YES;
				GCC_WARN_64_TO_32_BIT_CONVERSION = YES;
				GCC_WARN_ABOUT_RETURN_TYPE = YES_ERROR;
				GCC_WARN_UNDECLARED_SELECTOR = YES;
				GCC_WARN_UNINITIALIZED_AUTOS = YES_AGGRESSIVE;
				GCC_WARN_UNUSED_FUNCTION = YES;
				GCC_WARN_UNUSED_VARIABLE = YES;
				IPHONEOS_DEPLOYMENT_TARGET = 11.4;
				MTL_ENABLE_DEBUG_INFO = NO;
				SDKROOT = iphoneos;
				SWIFT_COMPILATION_MODE = wholemodule;
				SWIFT_OPTIMIZATION_LEVEL = "-O";
				VALIDATE_PRODUCT = YES;
			};
			name = Release;
		};
		BEF6DB1820DFC91B0039D141 /* Debug */ = {
			isa = XCBuildConfiguration;
			buildSettings = {
				ASSETCATALOG_COMPILER_APPICON_NAME = AppIcon;
				CLANG_ENABLE_MODULES = YES;
				CODE_SIGN_STYLE = Automatic;
				INFOPLIST_FILE = Easy/Info.plist;
				IPHONEOS_DEPLOYMENT_TARGET = 8.0;
				LD_RUNPATH_SEARCH_PATHS = (
					"$(inherited)",
					"@executable_path/Frameworks",
				);
				PRODUCT_BUNDLE_IDENTIFIER = org.coppercash.Easy;
				PRODUCT_NAME = "$(TARGET_NAME)";
				SWIFT_OBJC_BRIDGING_HEADER = "Easy/Easy-Bridging-Header.h";
				SWIFT_OPTIMIZATION_LEVEL = "-Onone";
				SWIFT_VERSION = 4.0;
				TARGETED_DEVICE_FAMILY = "1,2";
			};
			name = Debug;
		};
		BEF6DB1920DFC91B0039D141 /* Release */ = {
			isa = XCBuildConfiguration;
			buildSettings = {
				ASSETCATALOG_COMPILER_APPICON_NAME = AppIcon;
				CLANG_ENABLE_MODULES = YES;
				CODE_SIGN_STYLE = Automatic;
				INFOPLIST_FILE = Easy/Info.plist;
				IPHONEOS_DEPLOYMENT_TARGET = 8.0;
				LD_RUNPATH_SEARCH_PATHS = (
					"$(inherited)",
					"@executable_path/Frameworks",
				);
				PRODUCT_BUNDLE_IDENTIFIER = org.coppercash.Easy;
				PRODUCT_NAME = "$(TARGET_NAME)";
				SWIFT_OBJC_BRIDGING_HEADER = "Easy/Easy-Bridging-Header.h";
				SWIFT_VERSION = 4.0;
				TARGETED_DEVICE_FAMILY = "1,2";
			};
			name = Release;
		};
/* End XCBuildConfiguration section */

/* Begin XCConfigurationList section */
		BEF6DAFE20DFC91A0039D141 /* Build configuration list for PBXProject "Easy" */ = {
			isa = XCConfigurationList;
			buildConfigurations = (
				BEF6DB1520DFC91B0039D141 /* Debug */,
				BEF6DB1620DFC91B0039D141 /* Release */,
			);
			defaultConfigurationIsVisible = 0;
			defaultConfigurationName = Release;
		};
		BEF6DB1720DFC91B0039D141 /* Build configuration list for PBXNativeTarget "Easy" */ = {
			isa = XCConfigurationList;
			buildConfigurations = (
				BEF6DB1820DFC91B0039D141 /* Debug */,
				BEF6DB1920DFC91B0039D141 /* Release */,
			);
			defaultConfigurationIsVisible = 0;
			defaultConfigurationName = Release;
		};
/* End XCConfigurationList section */
	};
	rootObject = BEF6DAFB20DFC91A0039D141 /* Project object */;
}
