// !$*UTF8*$!
{
	archiveVersion = 1;
	classes = {
	};
	objectVersion = 46;
	objects = {

/* Begin PBXBuildFile section */
		BE748EA11F294CB4001565BE /* AppDelegate.swift in Sources */ = {isa = PBXBuildFile; fileRef = BE748EA01F294CB4001565BE /* AppDelegate.swift */; };
		BE748EA31F294CB4001565BE /* ViewController.swift in Sources */ = {isa = PBXBuildFile; fileRef = BE748EA21F294CB4001565BE /* ViewController.swift */; };
		BE748EA61F294CB4001565BE /* Main.storyboard in Resources */ = {isa = PBXBuildFile; fileRef = BE748EA41F294CB4001565BE /* Main.storyboard */; };
		BE748EA81F294CB4001565BE /* Assets.xcassets in Resources */ = {isa = PBXBuildFile; fileRef = BE748EA71F294CB4001565BE /* Assets.xcassets */; };
		BE748EAB1F294CB4001565BE /* LaunchScreen.storyboard in Resources */ = {isa = PBXBuildFile; fileRef = BE748EA91F294CB4001565BE /* LaunchScreen.storyboard */; };
/* End PBXBuildFile section */

/* Begin PBXFileReference section */
		BE748E9D1F294CB4001565BE /* Cocoapods.app */ = {isa = PBXFileReference; explicitFileType = wrapper.application; includeInIndex = 0; path = Cocoapods.app; sourceTree = BUILT_PRODUCTS_DIR; };
		BE748EA01F294CB4001565BE /* AppDelegate.swift */ = {isa = PBXFileReference; lastKnownFileType = sourcecode.swift; path = AppDelegate.swift; sourceTree = "<group>"; };
		BE748EA21F294CB4001565BE /* ViewController.swift */ = {isa = PBXFileReference; lastKnownFileType = sourcecode.swift; path = ViewController.swift; sourceTree = "<group>"; };
		BE748EA51F294CB4001565BE /* Base */ = {isa = PBXFileReference; lastKnownFileType = file.storyboard; name = Base; path = Base.lproj/Main.storyboard; sourceTree = "<group>"; };
		BE748EA71F294CB4001565BE /* Assets.xcassets */ = {isa = PBXFileReference; lastKnownFileType = folder.assetcatalog; path = Assets.xcassets; sourceTree = "<group>"; };
		BE748EAA1F294CB4001565BE /* Base */ = {isa = PBXFileReference; lastKnownFileType = file.storyboard; name = Base; path = Base.lproj/LaunchScreen.storyboard; sourceTree = "<group>"; };
		BE748EAC1F294CB4001565BE /* Info.plist */ = {isa = PBXFileReference; lastKnownFileType = text.plist.xml; path = Info.plist; sourceTree = "<group>"; };
/* End PBXFileReference section */

/* Begin PBXFrameworksBuildPhase section */
		BE748E9A1F294CB4001565BE /* Frameworks */ = {
			isa = PBXFrameworksBuildPhase;
			buildActionMask = 2147483647;
			files = (
			);
			runOnlyForDeploymentPostprocessing = 0;
		};
/* End PBXFrameworksBuildPhase section */

/* Begin PBXGroup section */
		BE748E941F294CB4001565BE = {
			isa = PBXGroup;
			children = (
				BE748E9F1F294CB4001565BE /* Cocoapods */,
				BE748E9E1F294CB4001565BE /* Products */,
			);
			sourceTree = "<group>";
		};
		BE748E9E1F294CB4001565BE /* Products */ = {
			isa = PBXGroup;
			children = (
				BE748E9D1F294CB4001565BE /* Cocoapods.app */,
			);
			name = Products;
			sourceTree = "<group>";
		};
		BE748E9F1F294CB4001565BE /* Cocoapods */ = {
			isa = PBXGroup;
			children = (
				BE748EA01F294CB4001565BE /* AppDelegate.swift */,
				BE748EA21F294CB4001565BE /* ViewController.swift */,
				BE748EA41F294CB4001565BE /* Main.storyboard */,
				BE748EA71F294CB4001565BE /* Assets.xcassets */,
				BE748EA91F294CB4001565BE /* LaunchScreen.storyboard */,
				BE748EAC1F294CB4001565BE /* Info.plist */,
			);
			path = Cocoapods;
			sourceTree = "<group>";
		};
/* End PBXGroup section */

/* Begin PBXNativeTarget section */
		BE748E9C1F294CB4001565BE /* Cocoapods */ = {
			isa = PBXNativeTarget;
			buildConfigurationList = BE748EAF1F294CB4001565BE /* Build configuration list for PBXNativeTarget "Cocoapods" */;
			buildPhases = (
				BE748E991F294CB4001565BE /* Sources */,
				BE748E9A1F294CB4001565BE /* Frameworks */,
				BE748E9B1F294CB4001565BE /* Resources */,
			);
			buildRules = (
			);
			dependencies = (
			);
			name = Cocoapods;
			productName = Cocoapods;
			productReference = BE748E9D1F294CB4001565BE /* Cocoapods.app */;
			productType = "com.apple.product-type.application";
		};
/* End PBXNativeTarget section */

/* Begin PBXProject section */
		BE748E951F294CB4001565BE /* Project object */ = {
			isa = PBXProject;
			attributes = {
				LastSwiftUpdateCheck = 0830;
				LastUpgradeCheck = 0830;
				ORGANIZATIONNAME = coppercash;
				TargetAttributes = {
					BE748E9C1F294CB4001565BE = {
						CreatedOnToolsVersion = 8.3.3;
						ProvisioningStyle = Automatic;
					};
				};
			};
			buildConfigurationList = BE748E981F294CB4001565BE /* Build configuration list for PBXProject "Cocoapods" */;
			compatibilityVersion = "Xcode 3.2";
			developmentRegion = English;
			hasScannedForEncodings = 0;
			knownRegions = (
				en,
				Base,
			);
			mainGroup = BE748E941F294CB4001565BE;
			productRefGroup = BE748E9E1F294CB4001565BE /* Products */;
			projectDirPath = "";
			projectRoot = "";
			targets = (
				BE748E9C1F294CB4001565BE /* Cocoapods */,
			);
		};
/* End PBXProject section */

/* Begin PBXResourcesBuildPhase section */
		BE748E9B1F294CB4001565BE /* Resources */ = {
			isa = PBXResourcesBuildPhase;
			buildActionMask = 2147483647;
			files = (
				BE748EAB1F294CB4001565BE /* LaunchScreen.storyboard in Resources */,
				BE748EA81F294CB4001565BE /* Assets.xcassets in Resources */,
				BE748EA61F294CB4001565BE /* Main.storyboard in Resources */,
			);
			runOnlyForDeploymentPostprocessing = 0;
		};
/* End PBXResourcesBuildPhase section */

/* Begin PBXSourcesBuildPhase section */
		BE748E991F294CB4001565BE /* Sources */ = {
			isa = PBXSourcesBuildPhase;
			buildActionMask = 2147483647;
			files = (
				BE748EA31F294CB4001565BE /* ViewController.swift in Sources */,
				BE748EA11F294CB4001565BE /* AppDelegate.swift in Sources */,
			);
			runOnlyForDeploymentPostprocessing = 0;
		};
/* End PBXSourcesBuildPhase section */

/* Begin PBXVariantGroup section */
		BE748EA41F294CB4001565BE /* Main.storyboard */ = {
			isa = PBXVariantGroup;
			children = (
				BE748EA51F294CB4001565BE /* Base */,
			);
			name = Main.storyboard;
			sourceTree = "<group>";
		};
		BE748EA91F294CB4001565BE /* LaunchScreen.storyboard */ = {
			isa = PBXVariantGroup;
			children = (
				BE748EAA1F294CB4001565BE /* Base */,
			);
			name = LaunchScreen.storyboard;
			sourceTree = "<group>";
		};
/* End PBXVariantGroup section */

/* Begin XCBuildConfiguration section */
		BE748EAD1F294CB4001565BE /* Debug */ = {
			isa = XCBuildConfiguration;
			buildSettings = {
				ALWAYS_SEARCH_USER_PATHS = NO;
				CLANG_ANALYZER_NONNULL = YES;
				CLANG_ANALYZER_NUMBER_OBJECT_CONVERSION = YES_AGGRESSIVE;
				CLANG_CXX_LANGUAGE_STANDARD = "gnu++0x";
				CLANG_CXX_LIBRARY = "libc++";
				CLANG_ENABLE_MODULES = YES;
				CLANG_ENABLE_OBJC_ARC = YES;
				CLANG_WARN_BOOL_CONVERSION = YES;
				CLANG_WARN_CONSTANT_CONVERSION = YES;
				CLANG_WARN_DIRECT_OBJC_ISA_USAGE = YES_ERROR;
				CLANG_WARN_DOCUMENTATION_COMMENTS = YES;
				CLANG_WARN_EMPTY_BODY = YES;
				CLANG_WARN_ENUM_CONVERSION = YES;
				CLANG_WARN_INFINITE_RECURSION = YES;
				CLANG_WARN_INT_CONVERSION = YES;
				CLANG_WARN_OBJC_ROOT_CLASS = YES_ERROR;
				CLANG_WARN_SUSPICIOUS_MOVE = YES;
				CLANG_WARN_UNREACHABLE_CODE = YES;
				CLANG_WARN__DUPLICATE_METHOD_MATCH = YES;
				"CODE_SIGN_IDENTITY[sdk=iphoneos*]" = "iPhone Developer";
				COPY_PHASE_STRIP = NO;
				DEBUG_INFORMATION_FORMAT = dwarf;
				ENABLE_STRICT_OBJC_MSGSEND = YES;
				ENABLE_TESTABILITY = YES;
				GCC_C_LANGUAGE_STANDARD = gnu99;
				GCC_DYNAMIC_NO_PIC = NO;
				GCC_NO_COMMON_BLOCKS = YES;
				GCC_OPTIMIZATION_LEVEL = 0;
				GCC_PREPROCESSOR_DEFINITIONS = (
					"DEBUG=1",
					"$(inherited)",
				);
				GCC_WARN_64_TO_32_BIT_CONVERSION = YES;
				GCC_WARN_ABOUT_RETURN_TYPE = YES_ERROR;
				GCC_WARN_UNDECLARED_SELECTOR = YES;
				GCC_WARN_UNINITIALIZED_AUTOS = YES_AGGRESSIVE;
				GCC_WARN_UNUSED_FUNCTION = YES;
				GCC_WARN_UNUSED_VARIABLE = YES;
				IPHONEOS_DEPLOYMENT_TARGET = 10.3;
				MTL_ENABLE_DEBUG_INFO = YES;
				ONLY_ACTIVE_ARCH = YES;
				SDKROOT = iphoneos;
				SWIFT_ACTIVE_COMPILATION_CONDITIONS = DEBUG;
				SWIFT_OPTIMIZATION_LEVEL = "-Onone";
				TARGETED_DEVICE_FAMILY = "1,2";
			};
			name = Debug;
		};
		BE748EAE1F294CB4001565BE /* Release */ = {
			isa = XCBuildConfiguration;
			buildSettings = {
				ALWAYS_SEARCH_USER_PATHS = NO;
				CLANG_ANALYZER_NONNULL = YES;
				CLANG_ANALYZER_NUMBER_OBJECT_CONVERSION = YES_AGGRESSIVE;
				CLANG_CXX_LANGUAGE_STANDARD = "gnu++0x";
				CLANG_CXX_LIBRARY = "libc++";
				CLANG_ENABLE_MODULES = YES;
				CLANG_ENABLE_OBJC_ARC = YES;
				CLANG_WARN_BOOL_CONVERSION = YES;
				CLANG_WARN_CONSTANT_CONVERSION = YES;
				CLANG_WARN_DIRECT_OBJC_ISA_USAGE = YES_ERROR;
				CLANG_WARN_DOCUMENTATION_COMMENTS = YES;
				CLANG_WARN_EMPTY_BODY = YES;
				CLANG_WARN_ENUM_CONVERSION = YES;
				CLANG_WARN_INFINITE_RECURSION = YES;
				CLANG_WARN_INT_CONVERSION = YES;
				CLANG_WARN_OBJC_ROOT_CLASS = YES_ERROR;
				CLANG_WARN_SUSPICIOUS_MOVE = YES;
				CLANG_WARN_UNREACHABLE_CODE = YES;
				CLANG_WARN__DUPLICATE_METHOD_MATCH = YES;
				"CODE_SIGN_IDENTITY[sdk=iphoneos*]" = "iPhone Developer";
				COPY_PHASE_STRIP = NO;
				DEBUG_INFORMATION_FORMAT = "dwarf-with-dsym";
				ENABLE_NS_ASSERTIONS = NO;
				ENABLE_STRICT_OBJC_MSGSEND = YES;
				GCC_C_LANGUAGE_STANDARD = gnu99;
				GCC_NO_COMMON_BLOCKS = YES;
				GCC_WARN_64_TO_32_BIT_CONVERSION = YES;
				GCC_WARN_ABOUT_RETURN_TYPE = YES_ERROR;
				GCC_WARN_UNDECLARED_SELECTOR = YES;
				GCC_WARN_UNINITIALIZED_AUTOS = YES_AGGRESSIVE;
				GCC_WARN_UNUSED_FUNCTION = YES;
				GCC_WARN_UNUSED_VARIABLE = YES;
				IPHONEOS_DEPLOYMENT_TARGET = 10.3;
				MTL_ENABLE_DEBUG_INFO = NO;
				SDKROOT = iphoneos;
				SWIFT_OPTIMIZATION_LEVEL = "-Owholemodule";
				TARGETED_DEVICE_FAMILY = "1,2";
				VALIDATE_PRODUCT = YES;
			};
			name = Release;
		};
		BE748EB01F294CB4001565BE /* Debug */ = {
			isa = XCBuildConfiguration;
			buildSettings = {
				ASSETCATALOG_COMPILER_APPICON_NAME = AppIcon;
				INFOPLIST_FILE = Cocoapods/Info.plist;
				LD_RUNPATH_SEARCH_PATHS = "$(inherited) @executable_path/Frameworks";
				PRODUCT_BUNDLE_IDENTIFIER = org.coppercash.Cocoapods;
				PRODUCT_NAME = "$(TARGET_NAME)";
				SWIFT_VERSION = 3.0;
			};
			name = Debug;
		};
		BE748EB11F294CB4001565BE /* Release */ = {
			isa = XCBuildConfiguration;
			buildSettings = {
				ASSETCATALOG_COMPILER_APPICON_NAME = AppIcon;
				INFOPLIST_FILE = Cocoapods/Info.plist;
				LD_RUNPATH_SEARCH_PATHS = "$(inherited) @executable_path/Frameworks";
				PRODUCT_BUNDLE_IDENTIFIER = org.coppercash.Cocoapods;
				PRODUCT_NAME = "$(TARGET_NAME)";
				SWIFT_VERSION = 3.0;
			};
			name = Release;
		};
/* End XCBuildConfiguration section */

/* Begin XCConfigurationList section */
		BE748E981F294CB4001565BE /* Build configuration list for PBXProject "Cocoapods" */ = {
			isa = XCConfigurationList;
			buildConfigurations = (
				BE748EAD1F294CB4001565BE /* Debug */,
				BE748EAE1F294CB4001565BE /* Release */,
			);
			defaultConfigurationIsVisible = 0;
			defaultConfigurationName = Release;
		};
		BE748EAF1F294CB4001565BE /* Build configuration list for PBXNativeTarget "Cocoapods" */ = {
			isa = XCConfigurationList;
			buildConfigurations = (
				BE748EB01F294CB4001565BE /* Debug */,
				BE748EB11F294CB4001565BE /* Release */,
			);
			defaultConfigurationIsVisible = 0;
		};
/* End XCConfigurationList section */
	};
	rootObject = BE748E951F294CB4001565BE /* Project object */;
}
