// !$*UTF8*$!
{
	archiveVersion = 1;
	classes = {
	};
	objectVersion = 46;
	objects = {

/* Begin PBXBuildFile section */
		118327675DD132CD9B88D63F /* Pods_Anna_iOS.framework in Frameworks */ = {isa = PBXBuildFile; fileRef = 3E523148CB49BDF7B29E0003 /* Pods_Anna_iOS.framework */; };
		3D10FE5B2086EE4400AE10D3 /* PathTests.swift in Sources */ = {isa = PBXBuildFile; fileRef = 3D10FE5A2086EE4400AE10D3 /* PathTests.swift */; };
		3D10FE7D208708F700AE10D3 /* AppDelegate.swift in Sources */ = {isa = PBXBuildFile; fileRef = 3D10FE7C208708F700AE10D3 /* AppDelegate.swift */; };
		3D8701AC20883D1E0014E312 /* CoreJS.swift in Sources */ = {isa = PBXBuildFile; fileRef = 3D8701AB20883D1E0014E312 /* CoreJS.swift */; };
		3DB2E5E6209FEACE005F0572 /* ANAUIView.m in Sources */ = {isa = PBXBuildFile; fileRef = 3DB2E5D9209FEACE005F0572 /* ANAUIView.m */; };
		3DB2E5E7209FEACE005F0572 /* UITableViewCell+Hookable.swift in Sources */ = {isa = PBXBuildFile; fileRef = 3DB2E5DB209FEACE005F0572 /* UITableViewCell+Hookable.swift */; };
		3DB2E5E8209FEACE005F0572 /* UITableView+Hookable.swift in Sources */ = {isa = PBXBuildFile; fileRef = 3DB2E5DD209FEACE005F0572 /* UITableView+Hookable.swift */; };
		3DB2E5E9209FEACE005F0572 /* UIControl+Hookable.swift in Sources */ = {isa = PBXBuildFile; fileRef = 3DB2E5DF209FEACE005F0572 /* UIControl+Hookable.swift */; };
		3DB2E5EA209FEACE005F0572 /* ANAUIView.h in Headers */ = {isa = PBXBuildFile; fileRef = 3DB2E5E0209FEACE005F0572 /* ANAUIView.h */; settings = {ATTRIBUTES = (Public, ); }; };
		3DB2E5EB209FEACE005F0572 /* UIView+Hookable.swift in Sources */ = {isa = PBXBuildFile; fileRef = 3DB2E5E1209FEACE005F0572 /* UIView+Hookable.swift */; };
		3DB2E5EC209FEACE005F0572 /* ANAUIViewController.m in Sources */ = {isa = PBXBuildFile; fileRef = 3DB2E5E3209FEACE005F0572 /* ANAUIViewController.m */; };
		3DB2E5ED209FEACE005F0572 /* UIViewController+Hookable.swift in Sources */ = {isa = PBXBuildFile; fileRef = 3DB2E5E4209FEACE005F0572 /* UIViewController+Hookable.swift */; };
		3DB2E5EE209FEACE005F0572 /* ANAUIViewController.h in Headers */ = {isa = PBXBuildFile; fileRef = 3DB2E5E5209FEACE005F0572 /* ANAUIViewController.h */; settings = {ATTRIBUTES = (Public, ); }; };
		3DB2E5F0209FEAF6005F0572 /* UIResponder+Hookable.swift in Sources */ = {isa = PBXBuildFile; fileRef = 3DB2E5EF209FEAF6005F0572 /* UIResponder+Hookable.swift */; };
		3DB2E79D20A26734005F0572 /* TableViewTests.swift in Sources */ = {isa = PBXBuildFile; fileRef = 3DB2E79C20A26734005F0572 /* TableViewTests.swift */; };
		3DB8B85F209C3518003B671B /* tool.js in Resources */ = {isa = PBXBuildFile; fileRef = 3DB8B85E209C3517003B671B /* tool.js */; };
		3DB8B860209C3548003B671B /* tool.js in Copy Files */ = {isa = PBXBuildFile; fileRef = 3DB8B85E209C3517003B671B /* tool.js */; };
		3DF1813320A28BAD008E6B25 /* ANAUITableViewCell.h in Headers */ = {isa = PBXBuildFile; fileRef = 3DF1813120A28BAD008E6B25 /* ANAUITableViewCell.h */; settings = {ATTRIBUTES = (Public, ); }; };
		3DF1813420A28BAD008E6B25 /* ANAUITableViewCell.m in Sources */ = {isa = PBXBuildFile; fileRef = 3DF1813220A28BAD008E6B25 /* ANAUITableViewCell.m */; };
		3DF1817020A41479008E6B25 /* Analyzer.swift in Sources */ = {isa = PBXBuildFile; fileRef = 3DF1816F20A41479008E6B25 /* Analyzer.swift */; };
		3DF1817220A41490008E6B25 /* BaseAnalyzer.swift in Sources */ = {isa = PBXBuildFile; fileRef = 3DF1817120A41490008E6B25 /* BaseAnalyzer.swift */; };
		3DF1817420A41499008E6B25 /* RootAnalyzer.swift in Sources */ = {isa = PBXBuildFile; fileRef = 3DF1817320A41499008E6B25 /* RootAnalyzer.swift */; };
		B00156AB31877DDCB371F3C9 /* Pods_Anna_iOS_Tests.framework in Frameworks */ = {isa = PBXBuildFile; fileRef = 2DB22BF96258F78367DEBF50 /* Pods_Anna_iOS_Tests.framework */; };
		BE195B14209D7D6A00111F15 /* KVObserver.swift in Sources */ = {isa = PBXBuildFile; fileRef = BE195B04209D7D6900111F15 /* KVObserver.swift */; };
		BE195B15209D7D6A00111F15 /* UIResponder+PathConstituting.swift in Sources */ = {isa = PBXBuildFile; fileRef = BE195B05209D7D6900111F15 /* UIResponder+PathConstituting.swift */; };
		BE195B1A209D7D6A00111F15 /* Manager.swift in Sources */ = {isa = PBXBuildFile; fileRef = BE195B0A209D7D6900111F15 /* Manager.swift */; };
		BE195B1B209D7D6A00111F15 /* Hook.swift in Sources */ = {isa = PBXBuildFile; fileRef = BE195B0B209D7D6900111F15 /* Hook.swift */; };
		BE195B25209D7E8B00111F15 /* Tracker.swift in Sources */ = {isa = PBXBuildFile; fileRef = BE195B24209D7E8A00111F15 /* Tracker.swift */; };
		BE195B43209D844F00111F15 /* Analyzable.swift in Sources */ = {isa = PBXBuildFile; fileRef = BE195B42209D844F00111F15 /* Analyzable.swift */; };
		BE3D83C22081F8BD00A1D17D /* PathTestCaseBuilder.swift in Sources */ = {isa = PBXBuildFile; fileRef = BE3D83C12081F8BD00A1D17D /* PathTestCaseBuilder.swift */; };
		BE4010E020A9909E0056BF29 /* FocusPath.swift in Sources */ = {isa = PBXBuildFile; fileRef = BE4010DF20A9909E0056BF29 /* FocusPath.swift */; };
		BE87DA851EAB608700DA81EB /* Anna.h in Headers */ = {isa = PBXBuildFile; fileRef = BE87DA831EAB608700DA81EB /* Anna.h */; settings = {ATTRIBUTES = (Public, ); }; };
		BE87DA921EAB615D00DA81EB /* Anna.framework in Frameworks */ = {isa = PBXBuildFile; fileRef = BE87DA801EAB608700DA81EB /* Anna.framework */; };
		BEC320402096F4EA00206AD1 /* anna in CopyFiles */ = {isa = PBXBuildFile; fileRef = BEC3203F2096F4E900206AD1 /* anna */; };
		BEC320422096F51100206AD1 /* core in CopyFiles */ = {isa = PBXBuildFile; fileRef = BEC320412096F51100206AD1 /* core */; };
		BEC320442096F66300206AD1 /* index.js in Copy Files */ = {isa = PBXBuildFile; fileRef = BEC320342096C72400206AD1 /* index.js */; };
		BEC320472096F6A800206AD1 /* task in Copy Files */ = {isa = PBXBuildFile; fileRef = BEC320462096F6A700206AD1 /* task */; };
/* End PBXBuildFile section */

/* Begin PBXContainerItemProxy section */
		3D10FE5C2086F96E00AE10D3 /* PBXContainerItemProxy */ = {
			isa = PBXContainerItemProxy;
			containerPortal = BE87DA751EAB606A00DA81EB /* Project object */;
			proxyType = 1;
			remoteGlobalIDString = 3D52623D208583D100D287BA;
			remoteInfo = Anna_iOS_Testee;
		};
		BE87DA931EAB615D00DA81EB /* PBXContainerItemProxy */ = {
			isa = PBXContainerItemProxy;
			containerPortal = BE87DA751EAB606A00DA81EB /* Project object */;
			proxyType = 1;
			remoteGlobalIDString = BE87DA7F1EAB608700DA81EB;
			remoteInfo = Anna_iOS;
		};
/* End PBXContainerItemProxy section */

/* Begin PBXCopyFilesBuildPhase section */
		BEC3203E2096F47900206AD1 /* CopyFiles */ = {
			isa = PBXCopyFilesBuildPhase;
			buildActionMask = 2147483647;
			dstPath = anna_test/node_modules;
			dstSubfolderSpec = 7;
			files = (
				BEC320422096F51100206AD1 /* core in CopyFiles */,
				BEC320402096F4EA00206AD1 /* anna in CopyFiles */,
			);
			runOnlyForDeploymentPostprocessing = 0;
		};
		BEC320432096F65100206AD1 /* Copy Files */ = {
			isa = PBXCopyFilesBuildPhase;
			buildActionMask = 2147483647;
			dstPath = anna_test;
			dstSubfolderSpec = 7;
			files = (
				3DB8B860209C3548003B671B /* tool.js in Copy Files */,
				BEC320472096F6A800206AD1 /* task in Copy Files */,
				BEC320442096F66300206AD1 /* index.js in Copy Files */,
			);
			name = "Copy Files";
			runOnlyForDeploymentPostprocessing = 0;
		};
/* End PBXCopyFilesBuildPhase section */

/* Begin PBXFileReference section */
		1EB556A53781E87D9189AEB8 /* Pods-Anna_iOS.debug.xcconfig */ = {isa = PBXFileReference; includeInIndex = 1; lastKnownFileType = text.xcconfig; name = "Pods-Anna_iOS.debug.xcconfig"; path = "Pods/Target Support Files/Pods-Anna_iOS/Pods-Anna_iOS.debug.xcconfig"; sourceTree = "<group>"; };
		2DB22BF96258F78367DEBF50 /* Pods_Anna_iOS_Tests.framework */ = {isa = PBXFileReference; explicitFileType = wrapper.framework; includeInIndex = 0; path = Pods_Anna_iOS_Tests.framework; sourceTree = BUILT_PRODUCTS_DIR; };
		3D10FE5A2086EE4400AE10D3 /* PathTests.swift */ = {isa = PBXFileReference; lastKnownFileType = sourcecode.swift; path = PathTests.swift; sourceTree = "<group>"; };
		3D10FE7C208708F700AE10D3 /* AppDelegate.swift */ = {isa = PBXFileReference; fileEncoding = 4; lastKnownFileType = sourcecode.swift; path = AppDelegate.swift; sourceTree = "<group>"; };
		3D52623E208583D100D287BA /* Anna_iOS_Testee.app */ = {isa = PBXFileReference; explicitFileType = wrapper.application; includeInIndex = 0; path = Anna_iOS_Testee.app; sourceTree = BUILT_PRODUCTS_DIR; };
		3D52624C208583D300D287BA /* Info.plist */ = {isa = PBXFileReference; lastKnownFileType = text.plist.xml; path = Info.plist; sourceTree = "<group>"; };
		3D8701AB20883D1E0014E312 /* CoreJS.swift */ = {isa = PBXFileReference; lastKnownFileType = sourcecode.swift; path = CoreJS.swift; sourceTree = "<group>"; };
		3DB2E5D9209FEACE005F0572 /* ANAUIView.m */ = {isa = PBXFileReference; fileEncoding = 4; lastKnownFileType = sourcecode.c.objc; path = ANAUIView.m; sourceTree = "<group>"; };
		3DB2E5DB209FEACE005F0572 /* UITableViewCell+Hookable.swift */ = {isa = PBXFileReference; fileEncoding = 4; lastKnownFileType = sourcecode.swift; path = "UITableViewCell+Hookable.swift"; sourceTree = "<group>"; };
		3DB2E5DD209FEACE005F0572 /* UITableView+Hookable.swift */ = {isa = PBXFileReference; fileEncoding = 4; lastKnownFileType = sourcecode.swift; path = "UITableView+Hookable.swift"; sourceTree = "<group>"; };
		3DB2E5DF209FEACE005F0572 /* UIControl+Hookable.swift */ = {isa = PBXFileReference; fileEncoding = 4; lastKnownFileType = sourcecode.swift; path = "UIControl+Hookable.swift"; sourceTree = "<group>"; };
		3DB2E5E0209FEACE005F0572 /* ANAUIView.h */ = {isa = PBXFileReference; fileEncoding = 4; lastKnownFileType = sourcecode.c.h; path = ANAUIView.h; sourceTree = "<group>"; };
		3DB2E5E1209FEACE005F0572 /* UIView+Hookable.swift */ = {isa = PBXFileReference; fileEncoding = 4; lastKnownFileType = sourcecode.swift; path = "UIView+Hookable.swift"; sourceTree = "<group>"; };
		3DB2E5E3209FEACE005F0572 /* ANAUIViewController.m */ = {isa = PBXFileReference; fileEncoding = 4; lastKnownFileType = sourcecode.c.objc; path = ANAUIViewController.m; sourceTree = "<group>"; };
		3DB2E5E4209FEACE005F0572 /* UIViewController+Hookable.swift */ = {isa = PBXFileReference; fileEncoding = 4; lastKnownFileType = sourcecode.swift; path = "UIViewController+Hookable.swift"; sourceTree = "<group>"; };
		3DB2E5E5209FEACE005F0572 /* ANAUIViewController.h */ = {isa = PBXFileReference; fileEncoding = 4; lastKnownFileType = sourcecode.c.h; path = ANAUIViewController.h; sourceTree = "<group>"; };
		3DB2E5EF209FEAF6005F0572 /* UIResponder+Hookable.swift */ = {isa = PBXFileReference; lastKnownFileType = sourcecode.swift; path = "UIResponder+Hookable.swift"; sourceTree = "<group>"; };
		3DB2E79C20A26734005F0572 /* TableViewTests.swift */ = {isa = PBXFileReference; lastKnownFileType = sourcecode.swift; path = TableViewTests.swift; sourceTree = "<group>"; };
		3DB8B85E209C3517003B671B /* tool.js */ = {isa = PBXFileReference; fileEncoding = 4; lastKnownFileType = sourcecode.javascript; path = tool.js; sourceTree = "<group>"; };
		3DF1813120A28BAD008E6B25 /* ANAUITableViewCell.h */ = {isa = PBXFileReference; lastKnownFileType = sourcecode.c.h; path = ANAUITableViewCell.h; sourceTree = "<group>"; };
		3DF1813220A28BAD008E6B25 /* ANAUITableViewCell.m */ = {isa = PBXFileReference; lastKnownFileType = sourcecode.c.objc; path = ANAUITableViewCell.m; sourceTree = "<group>"; };
		3DF1816F20A41479008E6B25 /* Analyzer.swift */ = {isa = PBXFileReference; fileEncoding = 4; lastKnownFileType = sourcecode.swift; path = Analyzer.swift; sourceTree = "<group>"; };
		3DF1817120A41490008E6B25 /* BaseAnalyzer.swift */ = {isa = PBXFileReference; lastKnownFileType = sourcecode.swift; path = BaseAnalyzer.swift; sourceTree = "<group>"; };
		3DF1817320A41499008E6B25 /* RootAnalyzer.swift */ = {isa = PBXFileReference; lastKnownFileType = sourcecode.swift; path = RootAnalyzer.swift; sourceTree = "<group>"; };
		3E523148CB49BDF7B29E0003 /* Pods_Anna_iOS.framework */ = {isa = PBXFileReference; explicitFileType = wrapper.framework; includeInIndex = 0; path = Pods_Anna_iOS.framework; sourceTree = BUILT_PRODUCTS_DIR; };
		592B56476776FAC19934C9AD /* Pods-Anna_iOS_Tests.debug.xcconfig */ = {isa = PBXFileReference; includeInIndex = 1; lastKnownFileType = text.xcconfig; name = "Pods-Anna_iOS_Tests.debug.xcconfig"; path = "Pods/Target Support Files/Pods-Anna_iOS_Tests/Pods-Anna_iOS_Tests.debug.xcconfig"; sourceTree = "<group>"; };
		780E1755609EA36CEDA212D6 /* Pods-Anna_iOS_Tests.release.xcconfig */ = {isa = PBXFileReference; includeInIndex = 1; lastKnownFileType = text.xcconfig; name = "Pods-Anna_iOS_Tests.release.xcconfig"; path = "Pods/Target Support Files/Pods-Anna_iOS_Tests/Pods-Anna_iOS_Tests.release.xcconfig"; sourceTree = "<group>"; };
		BE195B04209D7D6900111F15 /* KVObserver.swift */ = {isa = PBXFileReference; fileEncoding = 4; lastKnownFileType = sourcecode.swift; path = KVObserver.swift; sourceTree = "<group>"; };
		BE195B05209D7D6900111F15 /* UIResponder+PathConstituting.swift */ = {isa = PBXFileReference; fileEncoding = 4; lastKnownFileType = sourcecode.swift; path = "UIResponder+PathConstituting.swift"; sourceTree = "<group>"; };
		BE195B0A209D7D6900111F15 /* Manager.swift */ = {isa = PBXFileReference; fileEncoding = 4; lastKnownFileType = sourcecode.swift; path = Manager.swift; sourceTree = "<group>"; };
		BE195B0B209D7D6900111F15 /* Hook.swift */ = {isa = PBXFileReference; fileEncoding = 4; lastKnownFileType = sourcecode.swift; path = Hook.swift; sourceTree = "<group>"; };
		BE195B24209D7E8A00111F15 /* Tracker.swift */ = {isa = PBXFileReference; fileEncoding = 4; lastKnownFileType = sourcecode.swift; path = Tracker.swift; sourceTree = "<group>"; };
		BE195B42209D844F00111F15 /* Analyzable.swift */ = {isa = PBXFileReference; lastKnownFileType = sourcecode.swift; path = Analyzable.swift; sourceTree = "<group>"; };
		BE3D83BC2081E33200A1D17D /* Foundation.framework */ = {isa = PBXFileReference; lastKnownFileType = wrapper.framework; name = Foundation.framework; path = Platforms/iPhoneOS.platform/Developer/SDKs/iPhoneOS11.3.sdk/System/Library/Frameworks/Foundation.framework; sourceTree = DEVELOPER_DIR; };
		BE3D83BE2081E33C00A1D17D /* UIKit.framework */ = {isa = PBXFileReference; lastKnownFileType = wrapper.framework; name = UIKit.framework; path = Platforms/iPhoneOS.platform/Developer/SDKs/iPhoneOS11.3.sdk/System/Library/Frameworks/UIKit.framework; sourceTree = DEVELOPER_DIR; };
		BE3D83C12081F8BD00A1D17D /* PathTestCaseBuilder.swift */ = {isa = PBXFileReference; lastKnownFileType = sourcecode.swift; path = PathTestCaseBuilder.swift; sourceTree = "<group>"; };
		BE4010DF20A9909E0056BF29 /* FocusPath.swift */ = {isa = PBXFileReference; lastKnownFileType = sourcecode.swift; path = FocusPath.swift; sourceTree = "<group>"; };
		BE87DA801EAB608700DA81EB /* Anna.framework */ = {isa = PBXFileReference; explicitFileType = wrapper.framework; includeInIndex = 0; path = Anna.framework; sourceTree = BUILT_PRODUCTS_DIR; };
		BE87DA831EAB608700DA81EB /* Anna.h */ = {isa = PBXFileReference; lastKnownFileType = sourcecode.c.h; path = Anna.h; sourceTree = "<group>"; };
		BE87DA841EAB608700DA81EB /* Info.plist */ = {isa = PBXFileReference; lastKnownFileType = text.plist.xml; path = Info.plist; sourceTree = "<group>"; };
		BE87DA8D1EAB615C00DA81EB /* Anna_iOS_Tests.xctest */ = {isa = PBXFileReference; explicitFileType = wrapper.cfbundle; includeInIndex = 0; path = Anna_iOS_Tests.xctest; sourceTree = BUILT_PRODUCTS_DIR; };
		BE87DA911EAB615D00DA81EB /* Info.plist */ = {isa = PBXFileReference; lastKnownFileType = text.plist.xml; path = Info.plist; sourceTree = "<group>"; };
		BE87DA991EAB6C3800DA81EB /* Anna_iOS_Tests-Bridging-Header.h */ = {isa = PBXFileReference; lastKnownFileType = sourcecode.c.h; path = "Anna_iOS_Tests-Bridging-Header.h"; sourceTree = "<group>"; };
		BEC320342096C72400206AD1 /* index.js */ = {isa = PBXFileReference; fileEncoding = 4; lastKnownFileType = sourcecode.javascript; path = index.js; sourceTree = "<group>"; };
		BEC3203F2096F4E900206AD1 /* anna */ = {isa = PBXFileReference; lastKnownFileType = folder; name = anna; path = ../core/built/anna; sourceTree = "<group>"; };
		BEC320412096F51100206AD1 /* core */ = {isa = PBXFileReference; lastKnownFileType = folder; name = core; path = ../CoreJS/built/core; sourceTree = "<group>"; };
		BEC320462096F6A700206AD1 /* task */ = {isa = PBXFileReference; lastKnownFileType = folder; path = task; sourceTree = "<group>"; };
		CAFE46CD992D8A38286245EA /* Pods-Anna_iOS.release.xcconfig */ = {isa = PBXFileReference; includeInIndex = 1; lastKnownFileType = text.xcconfig; name = "Pods-Anna_iOS.release.xcconfig"; path = "Pods/Target Support Files/Pods-Anna_iOS/Pods-Anna_iOS.release.xcconfig"; sourceTree = "<group>"; };
/* End PBXFileReference section */

/* Begin PBXFrameworksBuildPhase section */
		3D52623B208583D100D287BA /* Frameworks */ = {
			isa = PBXFrameworksBuildPhase;
			buildActionMask = 2147483647;
			files = (
			);
			runOnlyForDeploymentPostprocessing = 0;
		};
		BE87DA7C1EAB608700DA81EB /* Frameworks */ = {
			isa = PBXFrameworksBuildPhase;
			buildActionMask = 2147483647;
			files = (
				118327675DD132CD9B88D63F /* Pods_Anna_iOS.framework in Frameworks */,
			);
			runOnlyForDeploymentPostprocessing = 0;
		};
		BE87DA8A1EAB615C00DA81EB /* Frameworks */ = {
			isa = PBXFrameworksBuildPhase;
			buildActionMask = 2147483647;
			files = (
				BE87DA921EAB615D00DA81EB /* Anna.framework in Frameworks */,
				B00156AB31877DDCB371F3C9 /* Pods_Anna_iOS_Tests.framework in Frameworks */,
			);
			runOnlyForDeploymentPostprocessing = 0;
		};
/* End PBXFrameworksBuildPhase section */

/* Begin PBXGroup section */
		3D52623F208583D200D287BA /* Anna_iOS_Testee */ = {
			isa = PBXGroup;
			children = (
				3D10FE7C208708F700AE10D3 /* AppDelegate.swift */,
				3D52624C208583D300D287BA /* Info.plist */,
			);
			path = Anna_iOS_Testee;
			sourceTree = "<group>";
		};
		3D8701AA20883CA10014E312 /* CoreJS */ = {
			isa = PBXGroup;
			children = (
				3D8701AB20883D1E0014E312 /* CoreJS.swift */,
			);
			path = CoreJS;
			sourceTree = "<group>";
		};
		3DB2E5D7209FEACE005F0572 /* UIResponder */ = {
			isa = PBXGroup;
			children = (
				3DB2E5D8209FEACE005F0572 /* UIView */,
				3DB2E5E2209FEACE005F0572 /* UIViewController */,
				3DB2E5EF209FEAF6005F0572 /* UIResponder+Hookable.swift */,
			);
			path = UIResponder;
			sourceTree = "<group>";
		};
		3DB2E5D8209FEACE005F0572 /* UIView */ = {
			isa = PBXGroup;
			children = (
				3DB2E5DA209FEACE005F0572 /* UITableViewCell */,
				3DB2E5DC209FEACE005F0572 /* UITableView */,
				3DB2E5DE209FEACE005F0572 /* UIControl */,
				3DB2E5E1209FEACE005F0572 /* UIView+Hookable.swift */,
				3DB2E5E0209FEACE005F0572 /* ANAUIView.h */,
				3DB2E5D9209FEACE005F0572 /* ANAUIView.m */,
			);
			path = UIView;
			sourceTree = "<group>";
		};
		3DB2E5DA209FEACE005F0572 /* UITableViewCell */ = {
			isa = PBXGroup;
			children = (
				3DB2E5DB209FEACE005F0572 /* UITableViewCell+Hookable.swift */,
				3DF1813120A28BAD008E6B25 /* ANAUITableViewCell.h */,
				3DF1813220A28BAD008E6B25 /* ANAUITableViewCell.m */,
			);
			path = UITableViewCell;
			sourceTree = "<group>";
		};
		3DB2E5DC209FEACE005F0572 /* UITableView */ = {
			isa = PBXGroup;
			children = (
				3DB2E5DD209FEACE005F0572 /* UITableView+Hookable.swift */,
			);
			path = UITableView;
			sourceTree = "<group>";
		};
		3DB2E5DE209FEACE005F0572 /* UIControl */ = {
			isa = PBXGroup;
			children = (
				3DB2E5DF209FEACE005F0572 /* UIControl+Hookable.swift */,
			);
			path = UIControl;
			sourceTree = "<group>";
		};
		3DB2E5E2209FEACE005F0572 /* UIViewController */ = {
			isa = PBXGroup;
			children = (
				3DB2E5E4209FEACE005F0572 /* UIViewController+Hookable.swift */,
				3DB2E5E5209FEACE005F0572 /* ANAUIViewController.h */,
				3DB2E5E3209FEACE005F0572 /* ANAUIViewController.m */,
			);
			path = UIViewController;
			sourceTree = "<group>";
		};
		3DF1816E20A41479008E6B25 /* Analyzer */ = {
			isa = PBXGroup;
			children = (
				3DF1817120A41490008E6B25 /* BaseAnalyzer.swift */,
				3DF1816F20A41479008E6B25 /* Analyzer.swift */,
				3DF1817320A41499008E6B25 /* RootAnalyzer.swift */,
			);
			path = Analyzer;
			sourceTree = "<group>";
		};
		4531771AA090ADCF6D936D6D /* Frameworks */ = {
			isa = PBXGroup;
			children = (
				BE3D83BE2081E33C00A1D17D /* UIKit.framework */,
				BE3D83BC2081E33200A1D17D /* Foundation.framework */,
				3E523148CB49BDF7B29E0003 /* Pods_Anna_iOS.framework */,
				2DB22BF96258F78367DEBF50 /* Pods_Anna_iOS_Tests.framework */,
			);
			name = Frameworks;
			sourceTree = "<group>";
		};
		99ACB2654502D3AB72EE245D /* Pods */ = {
			isa = PBXGroup;
			children = (
				592B56476776FAC19934C9AD /* Pods-Anna_iOS_Tests.debug.xcconfig */,
				780E1755609EA36CEDA212D6 /* Pods-Anna_iOS_Tests.release.xcconfig */,
				1EB556A53781E87D9189AEB8 /* Pods-Anna_iOS.debug.xcconfig */,
				CAFE46CD992D8A38286245EA /* Pods-Anna_iOS.release.xcconfig */,
			);
			name = Pods;
			sourceTree = "<group>";
		};
		BE195B2A209D7F6800111F15 /* Hookable */ = {
			isa = PBXGroup;
			children = (
				3DB2E5D7209FEACE005F0572 /* UIResponder */,
			);
			path = Hookable;
			sourceTree = "<group>";
		};
		BE87DA741EAB606A00DA81EB = {
			isa = PBXGroup;
			children = (
				3D8701AA20883CA10014E312 /* CoreJS */,
				BE87DA981EAB62A100DA81EB /* Anna */,
				BE87DA821EAB608700DA81EB /* Anna_iOS */,
				BE87DA8E1EAB615D00DA81EB /* Anna_iOS_Tests */,
				3D52623F208583D200D287BA /* Anna_iOS_Testee */,
				BE87DA811EAB608700DA81EB /* Products */,
				99ACB2654502D3AB72EE245D /* Pods */,
				4531771AA090ADCF6D936D6D /* Frameworks */,
			);
			sourceTree = "<group>";
		};
		BE87DA811EAB608700DA81EB /* Products */ = {
			isa = PBXGroup;
			children = (
				BE87DA801EAB608700DA81EB /* Anna.framework */,
				BE87DA8D1EAB615C00DA81EB /* Anna_iOS_Tests.xctest */,
				3D52623E208583D100D287BA /* Anna_iOS_Testee.app */,
			);
			name = Products;
			sourceTree = "<group>";
		};
		BE87DA821EAB608700DA81EB /* Anna_iOS */ = {
			isa = PBXGroup;
			children = (
				BE87DA831EAB608700DA81EB /* Anna.h */,
				BE87DA841EAB608700DA81EB /* Info.plist */,
			);
			path = Anna_iOS;
			sourceTree = "<group>";
		};
		BE87DA8E1EAB615D00DA81EB /* Anna_iOS_Tests */ = {
			isa = PBXGroup;
			children = (
				BEC320412096F51100206AD1 /* core */,
				BEC3203F2096F4E900206AD1 /* anna */,
				BEC320462096F6A700206AD1 /* task */,
				BEC320342096C72400206AD1 /* index.js */,
				3DB8B85E209C3517003B671B /* tool.js */,
				BE87DA911EAB615D00DA81EB /* Info.plist */,
				BE87DA991EAB6C3800DA81EB /* Anna_iOS_Tests-Bridging-Header.h */,
				3D10FE5A2086EE4400AE10D3 /* PathTests.swift */,
				3DB2E79C20A26734005F0572 /* TableViewTests.swift */,
				BE3D83C12081F8BD00A1D17D /* PathTestCaseBuilder.swift */,
			);
			path = Anna_iOS_Tests;
			sourceTree = "<group>";
		};
		BE87DA981EAB62A100DA81EB /* Anna */ = {
			isa = PBXGroup;
			children = (
				BE195B2A209D7F6800111F15 /* Hookable */,
				3DF1816E20A41479008E6B25 /* Analyzer */,
				BE195B42209D844F00111F15 /* Analyzable.swift */,
				BE4010DF20A9909E0056BF29 /* FocusPath.swift */,
				BE195B0A209D7D6900111F15 /* Manager.swift */,
				BE195B24209D7E8A00111F15 /* Tracker.swift */,
				BE195B0B209D7D6900111F15 /* Hook.swift */,
				BE195B04209D7D6900111F15 /* KVObserver.swift */,
				BE195B05209D7D6900111F15 /* UIResponder+PathConstituting.swift */,
			);
			path = Anna;
			sourceTree = "<group>";
		};
/* End PBXGroup section */

/* Begin PBXHeadersBuildPhase section */
		BE87DA7D1EAB608700DA81EB /* Headers */ = {
			isa = PBXHeadersBuildPhase;
			buildActionMask = 2147483647;
			files = (
				BE87DA851EAB608700DA81EB /* Anna.h in Headers */,
				3DB2E5EA209FEACE005F0572 /* ANAUIView.h in Headers */,
				3DB2E5EE209FEACE005F0572 /* ANAUIViewController.h in Headers */,
				3DF1813320A28BAD008E6B25 /* ANAUITableViewCell.h in Headers */,
			);
			runOnlyForDeploymentPostprocessing = 0;
		};
/* End PBXHeadersBuildPhase section */

/* Begin PBXNativeTarget section */
		3D52623D208583D100D287BA /* Anna_iOS_Testee */ = {
			isa = PBXNativeTarget;
			buildConfigurationList = 3D52624F208583D300D287BA /* Build configuration list for PBXNativeTarget "Anna_iOS_Testee" */;
			buildPhases = (
				3D52623A208583D100D287BA /* Sources */,
				3D52623B208583D100D287BA /* Frameworks */,
				3D52623C208583D100D287BA /* Resources */,
			);
			buildRules = (
			);
			dependencies = (
			);
			name = Anna_iOS_Testee;
			productName = Anna_iOS_Testee;
			productReference = 3D52623E208583D100D287BA /* Anna_iOS_Testee.app */;
			productType = "com.apple.product-type.application";
		};
		BE87DA7F1EAB608700DA81EB /* Anna_iOS */ = {
			isa = PBXNativeTarget;
			buildConfigurationList = BE87DA861EAB608700DA81EB /* Build configuration list for PBXNativeTarget "Anna_iOS" */;
			buildPhases = (
				35790FEF3145FC7015C60CA4 /* [CP] Check Pods Manifest.lock */,
				BE87DA7B1EAB608700DA81EB /* Sources */,
				BE87DA7C1EAB608700DA81EB /* Frameworks */,
				BE87DA7D1EAB608700DA81EB /* Headers */,
				BE87DA7E1EAB608700DA81EB /* Resources */,
			);
			buildRules = (
			);
			dependencies = (
			);
			name = Anna_iOS;
			productName = Anna_iOS;
			productReference = BE87DA801EAB608700DA81EB /* Anna.framework */;
			productType = "com.apple.product-type.framework";
		};
		BE87DA8C1EAB615C00DA81EB /* Anna_iOS_Tests */ = {
			isa = PBXNativeTarget;
			buildConfigurationList = BE87DA951EAB615D00DA81EB /* Build configuration list for PBXNativeTarget "Anna_iOS_Tests" */;
			buildPhases = (
				6610C4B070587EE079603EE4 /* [CP] Check Pods Manifest.lock */,
				BE87DA891EAB615C00DA81EB /* Sources */,
				BE87DA8A1EAB615C00DA81EB /* Frameworks */,
				BE87DA8B1EAB615C00DA81EB /* Resources */,
				9249D5954B2E3FE0BB9D4FAD /* [CP] Embed Pods Frameworks */,
				BEC3203E2096F47900206AD1 /* CopyFiles */,
				BEC320432096F65100206AD1 /* Copy Files */,
			);
			buildRules = (
			);
			dependencies = (
				3D10FE5D2086F96E00AE10D3 /* PBXTargetDependency */,
				BE87DA941EAB615D00DA81EB /* PBXTargetDependency */,
			);
			name = Anna_iOS_Tests;
			productName = Anna_iOS_Tests;
			productReference = BE87DA8D1EAB615C00DA81EB /* Anna_iOS_Tests.xctest */;
			productType = "com.apple.product-type.bundle.unit-test";
		};
/* End PBXNativeTarget section */

/* Begin PBXProject section */
		BE87DA751EAB606A00DA81EB /* Project object */ = {
			isa = PBXProject;
			attributes = {
				LastSwiftUpdateCheck = 0930;
				LastUpgradeCheck = 0820;
				TargetAttributes = {
					3D52623D208583D100D287BA = {
						CreatedOnToolsVersion = 9.3;
						LastSwiftMigration = 0930;
						ProvisioningStyle = Manual;
					};
					BE87DA7F1EAB608700DA81EB = {
						CreatedOnToolsVersion = 8.2.1;
						LastSwiftMigration = 0930;
						ProvisioningStyle = Automatic;
					};
					BE87DA8C1EAB615C00DA81EB = {
						CreatedOnToolsVersion = 8.2.1;
						LastSwiftMigration = 0820;
						ProvisioningStyle = Automatic;
					};
				};
			};
			buildConfigurationList = BE87DA781EAB606A00DA81EB /* Build configuration list for PBXProject "Anna" */;
			compatibilityVersion = "Xcode 3.2";
			developmentRegion = English;
			hasScannedForEncodings = 0;
			knownRegions = (
				en,
				Base,
			);
			mainGroup = BE87DA741EAB606A00DA81EB;
			productRefGroup = BE87DA811EAB608700DA81EB /* Products */;
			projectDirPath = "";
			projectRoot = "";
			targets = (
				BE87DA7F1EAB608700DA81EB /* Anna_iOS */,
				BE87DA8C1EAB615C00DA81EB /* Anna_iOS_Tests */,
				3D52623D208583D100D287BA /* Anna_iOS_Testee */,
			);
		};
/* End PBXProject section */

/* Begin PBXResourcesBuildPhase section */
		3D52623C208583D100D287BA /* Resources */ = {
			isa = PBXResourcesBuildPhase;
			buildActionMask = 2147483647;
			files = (
			);
			runOnlyForDeploymentPostprocessing = 0;
		};
		BE87DA7E1EAB608700DA81EB /* Resources */ = {
			isa = PBXResourcesBuildPhase;
			buildActionMask = 2147483647;
			files = (
			);
			runOnlyForDeploymentPostprocessing = 0;
		};
		BE87DA8B1EAB615C00DA81EB /* Resources */ = {
			isa = PBXResourcesBuildPhase;
			buildActionMask = 2147483647;
			files = (
				3DB8B85F209C3518003B671B /* tool.js in Resources */,
			);
			runOnlyForDeploymentPostprocessing = 0;
		};
/* End PBXResourcesBuildPhase section */

/* Begin PBXShellScriptBuildPhase section */
		35790FEF3145FC7015C60CA4 /* [CP] Check Pods Manifest.lock */ = {
			isa = PBXShellScriptBuildPhase;
			buildActionMask = 2147483647;
			files = (
			);
			inputPaths = (
				"${PODS_PODFILE_DIR_PATH}/Podfile.lock",
				"${PODS_ROOT}/Manifest.lock",
			);
			name = "[CP] Check Pods Manifest.lock";
			outputPaths = (
				"$(DERIVED_FILE_DIR)/Pods-Anna_iOS-checkManifestLockResult.txt",
			);
			runOnlyForDeploymentPostprocessing = 0;
			shellPath = /bin/sh;
			shellScript = "diff \"${PODS_PODFILE_DIR_PATH}/Podfile.lock\" \"${PODS_ROOT}/Manifest.lock\" > /dev/null\nif [ $? != 0 ] ; then\n    # print error to STDERR\n    echo \"error: The sandbox is not in sync with the Podfile.lock. Run 'pod install' or update your CocoaPods installation.\" >&2\n    exit 1\nfi\n# This output is used by Xcode 'outputs' to avoid re-running this script phase.\necho \"SUCCESS\" > \"${SCRIPT_OUTPUT_FILE_0}\"\n";
			showEnvVarsInLog = 0;
		};
		6610C4B070587EE079603EE4 /* [CP] Check Pods Manifest.lock */ = {
			isa = PBXShellScriptBuildPhase;
			buildActionMask = 2147483647;
			files = (
			);
			inputPaths = (
				"${PODS_PODFILE_DIR_PATH}/Podfile.lock",
				"${PODS_ROOT}/Manifest.lock",
			);
			name = "[CP] Check Pods Manifest.lock";
			outputPaths = (
				"$(DERIVED_FILE_DIR)/Pods-Anna_iOS_Tests-checkManifestLockResult.txt",
			);
			runOnlyForDeploymentPostprocessing = 0;
			shellPath = /bin/sh;
			shellScript = "diff \"${PODS_PODFILE_DIR_PATH}/Podfile.lock\" \"${PODS_ROOT}/Manifest.lock\" > /dev/null\nif [ $? != 0 ] ; then\n    # print error to STDERR\n    echo \"error: The sandbox is not in sync with the Podfile.lock. Run 'pod install' or update your CocoaPods installation.\" >&2\n    exit 1\nfi\n# This output is used by Xcode 'outputs' to avoid re-running this script phase.\necho \"SUCCESS\" > \"${SCRIPT_OUTPUT_FILE_0}\"\n";
			showEnvVarsInLog = 0;
		};
		9249D5954B2E3FE0BB9D4FAD /* [CP] Embed Pods Frameworks */ = {
			isa = PBXShellScriptBuildPhase;
			buildActionMask = 2147483647;
			files = (
			);
			inputPaths = (
				"${SRCROOT}/Pods/Target Support Files/Pods-Anna_iOS_Tests/Pods-Anna_iOS_Tests-frameworks.sh",
				"${BUILT_PRODUCTS_DIR}/extobjc/extobjc.framework",
			);
			name = "[CP] Embed Pods Frameworks";
			outputPaths = (
				"${TARGET_BUILD_DIR}/${FRAMEWORKS_FOLDER_PATH}/extobjc.framework",
			);
			runOnlyForDeploymentPostprocessing = 0;
			shellPath = /bin/sh;
			shellScript = "\"${SRCROOT}/Pods/Target Support Files/Pods-Anna_iOS_Tests/Pods-Anna_iOS_Tests-frameworks.sh\"\n";
			showEnvVarsInLog = 0;
		};
/* End PBXShellScriptBuildPhase section */

/* Begin PBXSourcesBuildPhase section */
		3D52623A208583D100D287BA /* Sources */ = {
			isa = PBXSourcesBuildPhase;
			buildActionMask = 2147483647;
			files = (
				3D10FE7D208708F700AE10D3 /* AppDelegate.swift in Sources */,
			);
			runOnlyForDeploymentPostprocessing = 0;
		};
		BE87DA7B1EAB608700DA81EB /* Sources */ = {
			isa = PBXSourcesBuildPhase;
			buildActionMask = 2147483647;
			files = (
				BE195B1A209D7D6A00111F15 /* Manager.swift in Sources */,
				BE195B14209D7D6A00111F15 /* KVObserver.swift in Sources */,
				3DF1817220A41490008E6B25 /* BaseAnalyzer.swift in Sources */,
				3DB2E5E9209FEACE005F0572 /* UIControl+Hookable.swift in Sources */,
				3DB2E5EC209FEACE005F0572 /* ANAUIViewController.m in Sources */,
				3DB2E5EB209FEACE005F0572 /* UIView+Hookable.swift in Sources */,
				3DB2E5F0209FEAF6005F0572 /* UIResponder+Hookable.swift in Sources */,
				3DF1813420A28BAD008E6B25 /* ANAUITableViewCell.m in Sources */,
				3DB2E5E7209FEACE005F0572 /* UITableViewCell+Hookable.swift in Sources */,
				3DB2E5E6209FEACE005F0572 /* ANAUIView.m in Sources */,
				BE195B15209D7D6A00111F15 /* UIResponder+PathConstituting.swift in Sources */,
				BE195B25209D7E8B00111F15 /* Tracker.swift in Sources */,
				3DF1817020A41479008E6B25 /* Analyzer.swift in Sources */,
				3D8701AC20883D1E0014E312 /* CoreJS.swift in Sources */,
				3DF1817420A41499008E6B25 /* RootAnalyzer.swift in Sources */,
				3DB2E5E8209FEACE005F0572 /* UITableView+Hookable.swift in Sources */,
				BE195B43209D844F00111F15 /* Analyzable.swift in Sources */,
				3DB2E5ED209FEACE005F0572 /* UIViewController+Hookable.swift in Sources */,
				BE195B1B209D7D6A00111F15 /* Hook.swift in Sources */,
				BE4010E020A9909E0056BF29 /* FocusPath.swift in Sources */,
			);
			runOnlyForDeploymentPostprocessing = 0;
		};
		BE87DA891EAB615C00DA81EB /* Sources */ = {
			isa = PBXSourcesBuildPhase;
			buildActionMask = 2147483647;
			files = (
				3D10FE5B2086EE4400AE10D3 /* PathTests.swift in Sources */,
				BE3D83C22081F8BD00A1D17D /* PathTestCaseBuilder.swift in Sources */,
				3DB2E79D20A26734005F0572 /* TableViewTests.swift in Sources */,
			);
			runOnlyForDeploymentPostprocessing = 0;
		};
/* End PBXSourcesBuildPhase section */

/* Begin PBXTargetDependency section */
		3D10FE5D2086F96E00AE10D3 /* PBXTargetDependency */ = {
			isa = PBXTargetDependency;
			target = 3D52623D208583D100D287BA /* Anna_iOS_Testee */;
			targetProxy = 3D10FE5C2086F96E00AE10D3 /* PBXContainerItemProxy */;
		};
		BE87DA941EAB615D00DA81EB /* PBXTargetDependency */ = {
			isa = PBXTargetDependency;
			target = BE87DA7F1EAB608700DA81EB /* Anna_iOS */;
			targetProxy = BE87DA931EAB615D00DA81EB /* PBXContainerItemProxy */;
		};
/* End PBXTargetDependency section */

/* Begin XCBuildConfiguration section */
		3D52624D208583D300D287BA /* Debug */ = {
			isa = XCBuildConfiguration;
			buildSettings = {
				ALWAYS_SEARCH_USER_PATHS = NO;
				ASSETCATALOG_COMPILER_APPICON_NAME = AppIcon;
				CLANG_ANALYZER_NONNULL = YES;
				CLANG_ANALYZER_NUMBER_OBJECT_CONVERSION = YES_AGGRESSIVE;
				CLANG_CXX_LANGUAGE_STANDARD = "gnu++14";
				CLANG_CXX_LIBRARY = "libc++";
				CLANG_ENABLE_MODULES = YES;
				CLANG_ENABLE_OBJC_ARC = YES;
				CLANG_ENABLE_OBJC_WEAK = YES;
				CLANG_WARN_BLOCK_CAPTURE_AUTORELEASING = YES;
				CLANG_WARN_BOOL_CONVERSION = YES;
				CLANG_WARN_COMMA = YES;
				CLANG_WARN_CONSTANT_CONVERSION = YES;
				CLANG_WARN_DEPRECATED_OBJC_IMPLEMENTATIONS = YES;
				CLANG_WARN_DIRECT_OBJC_ISA_USAGE = YES_ERROR;
				CLANG_WARN_DOCUMENTATION_COMMENTS = YES;
				CLANG_WARN_EMPTY_BODY = YES;
				CLANG_WARN_ENUM_CONVERSION = YES;
				CLANG_WARN_INFINITE_RECURSION = YES;
				CLANG_WARN_INT_CONVERSION = YES;
				CLANG_WARN_NON_LITERAL_NULL_CONVERSION = YES;
				CLANG_WARN_OBJC_IMPLICIT_RETAIN_SELF = YES;
				CLANG_WARN_OBJC_LITERAL_CONVERSION = YES;
				CLANG_WARN_OBJC_ROOT_CLASS = YES_ERROR;
				CLANG_WARN_RANGE_LOOP_ANALYSIS = YES;
				CLANG_WARN_STRICT_PROTOTYPES = YES;
				CLANG_WARN_SUSPICIOUS_MOVE = YES;
				CLANG_WARN_UNGUARDED_AVAILABILITY = YES_AGGRESSIVE;
				CLANG_WARN_UNREACHABLE_CODE = YES;
				CLANG_WARN__DUPLICATE_METHOD_MATCH = YES;
				CODE_SIGN_IDENTITY = "iPhone Developer";
				CODE_SIGN_STYLE = Manual;
				COPY_PHASE_STRIP = NO;
				DEBUG_INFORMATION_FORMAT = dwarf;
				DEVELOPMENT_TEAM = "";
				ENABLE_STRICT_OBJC_MSGSEND = YES;
				ENABLE_TESTABILITY = YES;
				GCC_C_LANGUAGE_STANDARD = gnu11;
				GCC_DYNAMIC_NO_PIC = NO;
				GCC_NO_COMMON_BLOCKS = YES;
				GCC_OPTIMIZATION_LEVEL = 0;
				GCC_PREPROCESSOR_DEFINITIONS = (
					"DEBUG=1",
					"$(inherited)",
				);
				GCC_WARN_64_TO_32_BIT_CONVERSION = YES;
				GCC_WARN_ABOUT_RETURN_TYPE = YES_ERROR;
				GCC_WARN_UNDECLARED_SELECTOR = YES;
				GCC_WARN_UNINITIALIZED_AUTOS = YES_AGGRESSIVE;
				GCC_WARN_UNUSED_FUNCTION = YES;
				GCC_WARN_UNUSED_VARIABLE = YES;
				INFOPLIST_FILE = Anna_iOS_Testee/Info.plist;
				IPHONEOS_DEPLOYMENT_TARGET = 8.0;
				LD_RUNPATH_SEARCH_PATHS = "$(inherited) @executable_path/Frameworks";
				MTL_ENABLE_DEBUG_INFO = YES;
				ONLY_ACTIVE_ARCH = YES;
				PRODUCT_BUNDLE_IDENTIFIER = "org.coppercash.Anna-iOS-Testee";
				PRODUCT_NAME = "$(TARGET_NAME)";
				PROVISIONING_PROFILE_SPECIFIER = "";
				SDKROOT = iphoneos;
				SWIFT_ACTIVE_COMPILATION_CONDITIONS = DEBUG;
				SWIFT_OPTIMIZATION_LEVEL = "-Onone";
				SWIFT_VERSION = 4.0;
				TARGETED_DEVICE_FAMILY = "1,2";
			};
			name = Debug;
		};
		3D52624E208583D300D287BA /* Release */ = {
			isa = XCBuildConfiguration;
			buildSettings = {
				ALWAYS_SEARCH_USER_PATHS = NO;
				ASSETCATALOG_COMPILER_APPICON_NAME = AppIcon;
				CLANG_ANALYZER_NONNULL = YES;
				CLANG_ANALYZER_NUMBER_OBJECT_CONVERSION = YES_AGGRESSIVE;
				CLANG_CXX_LANGUAGE_STANDARD = "gnu++14";
				CLANG_CXX_LIBRARY = "libc++";
				CLANG_ENABLE_MODULES = YES;
				CLANG_ENABLE_OBJC_ARC = YES;
				CLANG_ENABLE_OBJC_WEAK = YES;
				CLANG_WARN_BLOCK_CAPTURE_AUTORELEASING = YES;
				CLANG_WARN_BOOL_CONVERSION = YES;
				CLANG_WARN_COMMA = YES;
				CLANG_WARN_CONSTANT_CONVERSION = YES;
				CLANG_WARN_DEPRECATED_OBJC_IMPLEMENTATIONS = YES;
				CLANG_WARN_DIRECT_OBJC_ISA_USAGE = YES_ERROR;
				CLANG_WARN_DOCUMENTATION_COMMENTS = YES;
				CLANG_WARN_EMPTY_BODY = YES;
				CLANG_WARN_ENUM_CONVERSION = YES;
				CLANG_WARN_INFINITE_RECURSION = YES;
				CLANG_WARN_INT_CONVERSION = YES;
				CLANG_WARN_NON_LITERAL_NULL_CONVERSION = YES;
				CLANG_WARN_OBJC_IMPLICIT_RETAIN_SELF = YES;
				CLANG_WARN_OBJC_LITERAL_CONVERSION = YES;
				CLANG_WARN_OBJC_ROOT_CLASS = YES_ERROR;
				CLANG_WARN_RANGE_LOOP_ANALYSIS = YES;
				CLANG_WARN_STRICT_PROTOTYPES = YES;
				CLANG_WARN_SUSPICIOUS_MOVE = YES;
				CLANG_WARN_UNGUARDED_AVAILABILITY = YES_AGGRESSIVE;
				CLANG_WARN_UNREACHABLE_CODE = YES;
				CLANG_WARN__DUPLICATE_METHOD_MATCH = YES;
				CODE_SIGN_IDENTITY = "iPhone Developer";
				CODE_SIGN_STYLE = Manual;
				COPY_PHASE_STRIP = NO;
				DEBUG_INFORMATION_FORMAT = "dwarf-with-dsym";
				DEVELOPMENT_TEAM = "";
				ENABLE_NS_ASSERTIONS = NO;
				ENABLE_STRICT_OBJC_MSGSEND = YES;
				GCC_C_LANGUAGE_STANDARD = gnu11;
				GCC_NO_COMMON_BLOCKS = YES;
				GCC_WARN_64_TO_32_BIT_CONVERSION = YES;
				GCC_WARN_ABOUT_RETURN_TYPE = YES_ERROR;
				GCC_WARN_UNDECLARED_SELECTOR = YES;
				GCC_WARN_UNINITIALIZED_AUTOS = YES_AGGRESSIVE;
				GCC_WARN_UNUSED_FUNCTION = YES;
				GCC_WARN_UNUSED_VARIABLE = YES;
				INFOPLIST_FILE = Anna_iOS_Testee/Info.plist;
				IPHONEOS_DEPLOYMENT_TARGET = 8.0;
				LD_RUNPATH_SEARCH_PATHS = "$(inherited) @executable_path/Frameworks";
				MTL_ENABLE_DEBUG_INFO = NO;
				PRODUCT_BUNDLE_IDENTIFIER = "org.coppercash.Anna-iOS-Testee";
				PRODUCT_NAME = "$(TARGET_NAME)";
				PROVISIONING_PROFILE_SPECIFIER = "";
				SDKROOT = iphoneos;
				SWIFT_OPTIMIZATION_LEVEL = "-Owholemodule";
				SWIFT_VERSION = 4.0;
				TARGETED_DEVICE_FAMILY = "1,2";
				VALIDATE_PRODUCT = YES;
			};
			name = Release;
		};
		BE87DA791EAB606A00DA81EB /* Debug */ = {
			isa = XCBuildConfiguration;
			buildSettings = {
			};
			name = Debug;
		};
		BE87DA7A1EAB606A00DA81EB /* Release */ = {
			isa = XCBuildConfiguration;
			buildSettings = {
			};
			name = Release;
		};
		BE87DA871EAB608700DA81EB /* Debug */ = {
			isa = XCBuildConfiguration;
			baseConfigurationReference = 1EB556A53781E87D9189AEB8 /* Pods-Anna_iOS.debug.xcconfig */;
			buildSettings = {
				ALWAYS_SEARCH_USER_PATHS = NO;
				CLANG_ANALYZER_NONNULL = YES;
				CLANG_CXX_LANGUAGE_STANDARD = "gnu++0x";
				CLANG_CXX_LIBRARY = "libc++";
				CLANG_ENABLE_MODULES = YES;
				CLANG_ENABLE_OBJC_ARC = YES;
				CLANG_WARN_BOOL_CONVERSION = YES;
				CLANG_WARN_CONSTANT_CONVERSION = YES;
				CLANG_WARN_DIRECT_OBJC_ISA_USAGE = YES_ERROR;
				CLANG_WARN_DOCUMENTATION_COMMENTS = YES;
				CLANG_WARN_EMPTY_BODY = YES;
				CLANG_WARN_ENUM_CONVERSION = YES;
				CLANG_WARN_INFINITE_RECURSION = YES;
				CLANG_WARN_INT_CONVERSION = YES;
				CLANG_WARN_OBJC_ROOT_CLASS = YES_ERROR;
				CLANG_WARN_SUSPICIOUS_MOVE = YES;
				CLANG_WARN_UNREACHABLE_CODE = YES;
				CLANG_WARN__DUPLICATE_METHOD_MATCH = YES;
				CODE_SIGN_IDENTITY = "";
				"CODE_SIGN_IDENTITY[sdk=iphoneos*]" = "iPhone Developer";
				COPY_PHASE_STRIP = NO;
				CURRENT_PROJECT_VERSION = 1;
				DEBUG_INFORMATION_FORMAT = dwarf;
				DEFINES_MODULE = YES;
				DYLIB_COMPATIBILITY_VERSION = 1;
				DYLIB_CURRENT_VERSION = 1;
				DYLIB_INSTALL_NAME_BASE = "@rpath";
				ENABLE_STRICT_OBJC_MSGSEND = YES;
				ENABLE_TESTABILITY = YES;
				GCC_C_LANGUAGE_STANDARD = gnu99;
				GCC_DYNAMIC_NO_PIC = NO;
				GCC_NO_COMMON_BLOCKS = YES;
				GCC_OPTIMIZATION_LEVEL = 0;
				GCC_PREPROCESSOR_DEFINITIONS = (
					"DEBUG=1",
					"$(inherited)",
				);
				GCC_WARN_64_TO_32_BIT_CONVERSION = YES;
				GCC_WARN_ABOUT_RETURN_TYPE = YES_ERROR;
				GCC_WARN_UNDECLARED_SELECTOR = YES;
				GCC_WARN_UNINITIALIZED_AUTOS = YES_AGGRESSIVE;
				GCC_WARN_UNUSED_FUNCTION = YES;
				GCC_WARN_UNUSED_VARIABLE = YES;
				INFOPLIST_FILE = Anna_iOS/Info.plist;
				INSTALL_PATH = "$(LOCAL_LIBRARY_DIR)/Frameworks";
				IPHONEOS_DEPLOYMENT_TARGET = 8.0;
				LD_RUNPATH_SEARCH_PATHS = "$(inherited) @executable_path/Frameworks @loader_path/Frameworks";
				MTL_ENABLE_DEBUG_INFO = YES;
				ONLY_ACTIVE_ARCH = YES;
				PRODUCT_BUNDLE_IDENTIFIER = "org.coppercash.Anna-iOS";
				PRODUCT_NAME = Anna;
				SDKROOT = iphoneos;
				SKIP_INSTALL = YES;
				SWIFT_ACTIVE_COMPILATION_CONDITIONS = DEBUG;
				SWIFT_OBJC_BRIDGING_HEADER = "";
				SWIFT_OPTIMIZATION_LEVEL = "-Onone";
				SWIFT_VERSION = 3.0;
				TARGETED_DEVICE_FAMILY = "1,2";
				VERSIONING_SYSTEM = "apple-generic";
				VERSION_INFO_PREFIX = "";
			};
			name = Debug;
		};
		BE87DA881EAB608700DA81EB /* Release */ = {
			isa = XCBuildConfiguration;
			baseConfigurationReference = CAFE46CD992D8A38286245EA /* Pods-Anna_iOS.release.xcconfig */;
			buildSettings = {
				ALWAYS_SEARCH_USER_PATHS = NO;
				CLANG_ANALYZER_NONNULL = YES;
				CLANG_CXX_LANGUAGE_STANDARD = "gnu++0x";
				CLANG_CXX_LIBRARY = "libc++";
				CLANG_ENABLE_MODULES = YES;
				CLANG_ENABLE_OBJC_ARC = YES;
				CLANG_WARN_BOOL_CONVERSION = YES;
				CLANG_WARN_CONSTANT_CONVERSION = YES;
				CLANG_WARN_DIRECT_OBJC_ISA_USAGE = YES_ERROR;
				CLANG_WARN_DOCUMENTATION_COMMENTS = YES;
				CLANG_WARN_EMPTY_BODY = YES;
				CLANG_WARN_ENUM_CONVERSION = YES;
				CLANG_WARN_INFINITE_RECURSION = YES;
				CLANG_WARN_INT_CONVERSION = YES;
				CLANG_WARN_OBJC_ROOT_CLASS = YES_ERROR;
				CLANG_WARN_SUSPICIOUS_MOVE = YES;
				CLANG_WARN_UNREACHABLE_CODE = YES;
				CLANG_WARN__DUPLICATE_METHOD_MATCH = YES;
				CODE_SIGN_IDENTITY = "";
				"CODE_SIGN_IDENTITY[sdk=iphoneos*]" = "iPhone Developer";
				COPY_PHASE_STRIP = NO;
				CURRENT_PROJECT_VERSION = 1;
				DEBUG_INFORMATION_FORMAT = "dwarf-with-dsym";
				DEFINES_MODULE = YES;
				DYLIB_COMPATIBILITY_VERSION = 1;
				DYLIB_CURRENT_VERSION = 1;
				DYLIB_INSTALL_NAME_BASE = "@rpath";
				ENABLE_NS_ASSERTIONS = NO;
				ENABLE_STRICT_OBJC_MSGSEND = YES;
				GCC_C_LANGUAGE_STANDARD = gnu99;
				GCC_NO_COMMON_BLOCKS = YES;
				GCC_WARN_64_TO_32_BIT_CONVERSION = YES;
				GCC_WARN_ABOUT_RETURN_TYPE = YES_ERROR;
				GCC_WARN_UNDECLARED_SELECTOR = YES;
				GCC_WARN_UNINITIALIZED_AUTOS = YES_AGGRESSIVE;
				GCC_WARN_UNUSED_FUNCTION = YES;
				GCC_WARN_UNUSED_VARIABLE = YES;
				INFOPLIST_FILE = Anna_iOS/Info.plist;
				INSTALL_PATH = "$(LOCAL_LIBRARY_DIR)/Frameworks";
				IPHONEOS_DEPLOYMENT_TARGET = 8.0;
				LD_RUNPATH_SEARCH_PATHS = "$(inherited) @executable_path/Frameworks @loader_path/Frameworks";
				MTL_ENABLE_DEBUG_INFO = NO;
				PRODUCT_BUNDLE_IDENTIFIER = "org.coppercash.Anna-iOS";
				PRODUCT_NAME = Anna;
				SDKROOT = iphoneos;
				SKIP_INSTALL = YES;
				SWIFT_OBJC_BRIDGING_HEADER = "";
				SWIFT_OPTIMIZATION_LEVEL = "-Owholemodule";
				SWIFT_VERSION = 3.0;
				TARGETED_DEVICE_FAMILY = "1,2";
				VALIDATE_PRODUCT = YES;
				VERSIONING_SYSTEM = "apple-generic";
				VERSION_INFO_PREFIX = "";
			};
			name = Release;
		};
		BE87DA961EAB615D00DA81EB /* Debug */ = {
			isa = XCBuildConfiguration;
			baseConfigurationReference = 592B56476776FAC19934C9AD /* Pods-Anna_iOS_Tests.debug.xcconfig */;
			buildSettings = {
				ALWAYS_EMBED_SWIFT_STANDARD_LIBRARIES = YES;
				ALWAYS_SEARCH_USER_PATHS = NO;
				CLANG_ANALYZER_NONNULL = YES;
				CLANG_CXX_LANGUAGE_STANDARD = "gnu++0x";
				CLANG_CXX_LIBRARY = "libc++";
				CLANG_ENABLE_MODULES = YES;
				CLANG_ENABLE_OBJC_ARC = YES;
				CLANG_WARN_BOOL_CONVERSION = YES;
				CLANG_WARN_CONSTANT_CONVERSION = YES;
				CLANG_WARN_DIRECT_OBJC_ISA_USAGE = YES_ERROR;
				CLANG_WARN_DOCUMENTATION_COMMENTS = YES;
				CLANG_WARN_EMPTY_BODY = YES;
				CLANG_WARN_ENUM_CONVERSION = YES;
				CLANG_WARN_INFINITE_RECURSION = YES;
				CLANG_WARN_INT_CONVERSION = YES;
				CLANG_WARN_OBJC_ROOT_CLASS = YES_ERROR;
				CLANG_WARN_SUSPICIOUS_MOVE = YES;
				CLANG_WARN_UNREACHABLE_CODE = YES;
				CLANG_WARN__DUPLICATE_METHOD_MATCH = YES;
				"CODE_SIGN_IDENTITY[sdk=iphoneos*]" = "iPhone Developer";
				COPY_PHASE_STRIP = NO;
				DEBUG_INFORMATION_FORMAT = dwarf;
				DEFINES_MODULE = YES;
				ENABLE_STRICT_OBJC_MSGSEND = YES;
				ENABLE_TESTABILITY = YES;
				GCC_C_LANGUAGE_STANDARD = gnu99;
				GCC_DYNAMIC_NO_PIC = NO;
				GCC_NO_COMMON_BLOCKS = YES;
				GCC_OPTIMIZATION_LEVEL = 0;
				GCC_PREPROCESSOR_DEFINITIONS = (
					"DEBUG=1",
					"$(inherited)",
				);
				GCC_WARN_64_TO_32_BIT_CONVERSION = YES;
				GCC_WARN_ABOUT_RETURN_TYPE = YES_ERROR;
				GCC_WARN_UNDECLARED_SELECTOR = YES;
				GCC_WARN_UNINITIALIZED_AUTOS = YES_AGGRESSIVE;
				GCC_WARN_UNUSED_FUNCTION = YES;
				GCC_WARN_UNUSED_VARIABLE = YES;
				INFOPLIST_FILE = Anna_iOS_Tests/Info.plist;
				IPHONEOS_DEPLOYMENT_TARGET = 10.2;
				LD_RUNPATH_SEARCH_PATHS = "$(inherited) @executable_path/Frameworks @loader_path/Frameworks";
				MTL_ENABLE_DEBUG_INFO = YES;
				ONLY_ACTIVE_ARCH = YES;
				PRODUCT_BUNDLE_IDENTIFIER = "org.coppercash.Anna-iOS-Tests";
				PRODUCT_NAME = "$(TARGET_NAME)";
				SDKROOT = iphoneos;
				SWIFT_ACTIVE_COMPILATION_CONDITIONS = DEBUG;
				SWIFT_OBJC_BRIDGING_HEADER = "Anna_iOS_Tests/Anna_iOS_Tests-Bridging-Header.h";
				SWIFT_OPTIMIZATION_LEVEL = "-Onone";
				SWIFT_VERSION = 3.0;
				TEST_HOST = "$(BUILT_PRODUCTS_DIR)/Anna_iOS_Testee.app/Anna_iOS_Testee";
			};
			name = Debug;
		};
		BE87DA971EAB615D00DA81EB /* Release */ = {
			isa = XCBuildConfiguration;
			baseConfigurationReference = 780E1755609EA36CEDA212D6 /* Pods-Anna_iOS_Tests.release.xcconfig */;
			buildSettings = {
				ALWAYS_EMBED_SWIFT_STANDARD_LIBRARIES = YES;
				ALWAYS_SEARCH_USER_PATHS = NO;
				CLANG_ANALYZER_NONNULL = YES;
				CLANG_CXX_LANGUAGE_STANDARD = "gnu++0x";
				CLANG_CXX_LIBRARY = "libc++";
				CLANG_ENABLE_MODULES = YES;
				CLANG_ENABLE_OBJC_ARC = YES;
				CLANG_WARN_BOOL_CONVERSION = YES;
				CLANG_WARN_CONSTANT_CONVERSION = YES;
				CLANG_WARN_DIRECT_OBJC_ISA_USAGE = YES_ERROR;
				CLANG_WARN_DOCUMENTATION_COMMENTS = YES;
				CLANG_WARN_EMPTY_BODY = YES;
				CLANG_WARN_ENUM_CONVERSION = YES;
				CLANG_WARN_INFINITE_RECURSION = YES;
				CLANG_WARN_INT_CONVERSION = YES;
				CLANG_WARN_OBJC_ROOT_CLASS = YES_ERROR;
				CLANG_WARN_SUSPICIOUS_MOVE = YES;
				CLANG_WARN_UNREACHABLE_CODE = YES;
				CLANG_WARN__DUPLICATE_METHOD_MATCH = YES;
				"CODE_SIGN_IDENTITY[sdk=iphoneos*]" = "iPhone Developer";
				COPY_PHASE_STRIP = NO;
				DEBUG_INFORMATION_FORMAT = "dwarf-with-dsym";
				DEFINES_MODULE = YES;
				ENABLE_NS_ASSERTIONS = NO;
				ENABLE_STRICT_OBJC_MSGSEND = YES;
				GCC_C_LANGUAGE_STANDARD = gnu99;
				GCC_NO_COMMON_BLOCKS = YES;
				GCC_WARN_64_TO_32_BIT_CONVERSION = YES;
				GCC_WARN_ABOUT_RETURN_TYPE = YES_ERROR;
				GCC_WARN_UNDECLARED_SELECTOR = YES;
				GCC_WARN_UNINITIALIZED_AUTOS = YES_AGGRESSIVE;
				GCC_WARN_UNUSED_FUNCTION = YES;
				GCC_WARN_UNUSED_VARIABLE = YES;
				INFOPLIST_FILE = Anna_iOS_Tests/Info.plist;
				IPHONEOS_DEPLOYMENT_TARGET = 10.2;
				LD_RUNPATH_SEARCH_PATHS = "$(inherited) @executable_path/Frameworks @loader_path/Frameworks";
				MTL_ENABLE_DEBUG_INFO = NO;
				PRODUCT_BUNDLE_IDENTIFIER = "org.coppercash.Anna-iOS-Tests";
				PRODUCT_NAME = "$(TARGET_NAME)";
				SDKROOT = iphoneos;
				SWIFT_OBJC_BRIDGING_HEADER = "Anna_iOS_Tests/Anna_iOS_Tests-Bridging-Header.h";
				SWIFT_OPTIMIZATION_LEVEL = "-Owholemodule";
				SWIFT_VERSION = 3.0;
				TEST_HOST = "$(BUILT_PRODUCTS_DIR)/Anna_iOS_Testee.app/Anna_iOS_Testee";
				VALIDATE_PRODUCT = YES;
			};
			name = Release;
		};
/* End XCBuildConfiguration section */

/* Begin XCConfigurationList section */
		3D52624F208583D300D287BA /* Build configuration list for PBXNativeTarget "Anna_iOS_Testee" */ = {
			isa = XCConfigurationList;
			buildConfigurations = (
				3D52624D208583D300D287BA /* Debug */,
				3D52624E208583D300D287BA /* Release */,
			);
			defaultConfigurationIsVisible = 0;
			defaultConfigurationName = Release;
		};
		BE87DA781EAB606A00DA81EB /* Build configuration list for PBXProject "Anna" */ = {
			isa = XCConfigurationList;
			buildConfigurations = (
				BE87DA791EAB606A00DA81EB /* Debug */,
				BE87DA7A1EAB606A00DA81EB /* Release */,
			);
			defaultConfigurationIsVisible = 0;
			defaultConfigurationName = Release;
		};
		BE87DA861EAB608700DA81EB /* Build configuration list for PBXNativeTarget "Anna_iOS" */ = {
			isa = XCConfigurationList;
			buildConfigurations = (
				BE87DA871EAB608700DA81EB /* Debug */,
				BE87DA881EAB608700DA81EB /* Release */,
			);
			defaultConfigurationIsVisible = 0;
			defaultConfigurationName = Release;
		};
		BE87DA951EAB615D00DA81EB /* Build configuration list for PBXNativeTarget "Anna_iOS_Tests" */ = {
			isa = XCConfigurationList;
			buildConfigurations = (
				BE87DA961EAB615D00DA81EB /* Debug */,
				BE87DA971EAB615D00DA81EB /* Release */,
			);
			defaultConfigurationIsVisible = 0;
			defaultConfigurationName = Release;
		};
/* End XCConfigurationList section */
	};
	rootObject = BE87DA751EAB606A00DA81EB /* Project object */;
}
